{
  "version": 4,
  "terraform_version": "1.5.7",
  "serial": 177,
  "lineage": "5a1ece70-dcfe-12e8-c3cf-f19c65e0988f",
  "outputs": {
    "main_network": {
      "value": "3419719",
      "type": "string"
    }
  },
  "resources": [
    {
      "mode": "managed",
      "type": "hcloud_network",
      "name": "network",
      "provider": "provider[\"registry.terraform.io/hetznercloud/hcloud\"]",
      "instances": [
        {
          "index_key": 0,
          "schema_version": 0,
          "attributes": {
            "delete_protection": false,
            "expose_routes_to_vswitch": false,
            "id": "3419719",
            "ip_range": "10.0.0.0/20",
            "labels": {},
            "name": "private_network_0"
          },
          "sensitive_attributes": [],
          "private": "bnVsbA=="
        }
      ]
    },
    {
      "mode": "managed",
      "type": "hcloud_network_subnet",
      "name": "availability_network",
      "provider": "provider[\"registry.terraform.io/hetznercloud/hcloud\"]",
      "instances": [
        {
          "index_key": 0,
          "schema_version": 0,
          "attributes": {
            "gateway": "10.0.0.1",
            "id": "3419719-10.0.0.0/20",
            "ip_range": "10.0.0.0/20",
            "network_id": 3419719,
            "network_zone": "eu-central",
            "type": "cloud",
            "vswitch_id": null
          },
          "sensitive_attributes": [],
          "private": "bnVsbA==",
          "dependencies": [
            "hcloud_network.network"
          ]
        }
      ]
    },
    {
      "mode": "managed",
      "type": "hcloud_server",
      "name": "jump_host",
      "provider": "provider[\"registry.terraform.io/hetznercloud/hcloud\"]",
      "instances": [
        {
          "schema_version": 0,
          "attributes": {
            "allow_deprecated_images": false,
            "backup_window": "",
            "backups": false,
            "datacenter": "hel1-dc2",
            "delete_protection": false,
            "firewall_ids": [],
            "id": "37890765",
            "ignore_remote_firewall_ids": false,
            "image": "debian-11",
            "ipv4_address": "",
            "ipv6_address": "2a01:4f9:c010:bf8c::1",
            "ipv6_network": "2a01:4f9:c010:bf8c::/64",
            "iso": null,
            "keep_disk": false,
            "labels": {},
            "location": "hel1",
            "name": "jumphost",
            "network": [
              {
                "alias_ips": [],
                "ip": "10.0.0.2",
                "mac_address": "86:00:00:5f:ce:66",
                "network_id": 3419719
              }
            ],
            "placement_group_id": null,
            "public_net": [
              {
                "ipv4": 0,
                "ipv4_enabled": false,
                "ipv6": 0,
                "ipv6_enabled": true
              }
            ],
            "rebuild_protection": false,
            "rescue": null,
            "server_type": "cx11",
            "shutdown_before_deletion": false,
            "ssh_keys": [
              "15858270"
            ],
            "status": "running",
            "timeouts": null,
            "user_data": null
          },
          "sensitive_attributes": [],
          "private": "eyJlMmJmYjczMC1lY2FhLTExZTYtOGY4OC0zNDM2M2JjN2M0YzAiOnsiY3JlYXRlIjo1NDAwMDAwMDAwMDAwfX0=",
          "dependencies": [
            "hcloud_network.network"
          ]
        }
      ]
    },
    {
      "module": "module.jump_host_file",
      "mode": "managed",
      "type": "local_file",
      "name": "host",
      "provider": "provider[\"registry.terraform.io/hashicorp/local\"]",
      "instances": [
        {
          "schema_version": 0,
          "attributes": {
            "content": "{\"name\":\"jumphost\",\"private_ipv4\":\"10.0.0.2\",\"public_ipv6\":\"2a01:4f9:c010:bf8c::1\"}",
            "content_base64": null,
            "content_base64sha256": "QFCsuO/TQeXPW+F+JN46ekJ8JJRn78nuiXvXbdAs/Eo=",
            "content_base64sha512": "TcLwrcHxEtxl0n7hIIvgKF4a0sJe+SJBbobGcDdUSJRYN/xU2TYC+GFQlMK1VVnUyXhh6Y45L+f3Hvi+/lAJkQ==",
            "content_md5": "b88693408177d7e550df7e6f9d16bc2d",
            "content_sha1": "2098bf40c7a14e2c9041526f2136504b1fe3e70d",
            "content_sha256": "4050acb8efd341e5cf5be17e24de3a7a427c249467efc9ee897bd76dd02cfc4a",
            "content_sha512": "4dc2f0adc1f112dc65d27ee1208be0285e1ad2c25ef922416e86c670375448945837fc54d93602f8615094c2b55559d4c97861e98e392fe7f71ef8befe500991",
            "directory_permission": "0777",
            "file_permission": "0777",
            "filename": "../../../..//machines/dev/network/jumphost.json",
            "id": "2098bf40c7a14e2c9041526f2136504b1fe3e70d",
            "sensitive_content": null,
            "source": null
          },
          "sensitive_attributes": [],
          "dependencies": [
            "hcloud_network.network",
            "hcloud_server.jump_host"
          ]
        }
      ]
    }
  ],
  "check_results": null
}
