{
  "version": 4,
  "terraform_version": "1.5.7",
  "serial": 238,
  "lineage": "5a1ece70-dcfe-12e8-c3cf-f19c65e0988f",
  "outputs": {
    "main_network": {
      "value": "3421324",
      "type": "string"
    }
  },
  "resources": [
    {
      "mode": "managed",
      "type": "hcloud_network",
      "name": "network",
      "provider": "provider[\"registry.terraform.io/hetznercloud/hcloud\"]",
      "instances": [
        {
          "index_key": 0,
          "schema_version": 0,
          "attributes": {
            "delete_protection": false,
            "expose_routes_to_vswitch": false,
            "id": "3421324",
            "ip_range": "10.0.0.0/20",
            "labels": {},
            "name": "private_network_0"
          },
          "sensitive_attributes": [],
          "private": "bnVsbA=="
        }
      ]
    },
    {
      "mode": "managed",
      "type": "hcloud_network_route",
      "name": "internet-gateway",
      "provider": "provider[\"registry.terraform.io/hetznercloud/hcloud\"]",
      "instances": [
        {
          "schema_version": 0,
          "attributes": {
            "destination": "0.0.0.0/0",
            "gateway": "10.0.0.2",
            "id": "3421324-0.0.0.0/0",
            "network_id": 3421324
          },
          "sensitive_attributes": [],
          "private": "bnVsbA==",
          "dependencies": [
            "hcloud_network.network"
          ]
        }
      ]
    },
    {
      "mode": "managed",
      "type": "hcloud_network_subnet",
      "name": "availability_network",
      "provider": "provider[\"registry.terraform.io/hetznercloud/hcloud\"]",
      "instances": [
        {
          "index_key": 0,
          "schema_version": 0,
          "attributes": {
            "gateway": "10.0.0.1",
            "id": "3421324-10.0.0.0/20",
            "ip_range": "10.0.0.0/20",
            "network_id": 3421324,
            "network_zone": "eu-central",
            "type": "cloud",
            "vswitch_id": null
          },
          "sensitive_attributes": [],
          "private": "bnVsbA==",
          "dependencies": [
            "hcloud_network.network"
          ]
        }
      ]
    },
    {
      "mode": "managed",
      "type": "hcloud_server",
      "name": "gateway",
      "provider": "provider[\"registry.terraform.io/hetznercloud/hcloud\"]",
      "instances": [
        {
          "schema_version": 0,
          "attributes": {
            "allow_deprecated_images": false,
            "backup_window": "",
            "backups": false,
            "datacenter": "hel1-dc2",
            "delete_protection": false,
            "firewall_ids": [],
            "id": "37907974",
            "ignore_remote_firewall_ids": false,
            "image": "debian-11",
            "ipv4_address": "65.21.159.93",
            "ipv6_address": "2a01:4f9:c010:bf8c::1",
            "ipv6_network": "2a01:4f9:c010:bf8c::/64",
            "iso": null,
            "keep_disk": false,
            "labels": {
              "environment": "development",
              "role": "gateway"
            },
            "location": "hel1",
            "name": "gateway",
            "network": [
              {
                "alias_ips": [],
                "ip": "10.0.0.2",
                "mac_address": "86:00:00:5f:e7:65",
                "network_id": 3421324
              }
            ],
            "placement_group_id": null,
            "public_net": [
              {
                "ipv4": 0,
                "ipv4_enabled": true,
                "ipv6": 0,
                "ipv6_enabled": true
              }
            ],
            "rebuild_protection": false,
            "rescue": null,
            "server_type": "cx11",
            "shutdown_before_deletion": false,
            "ssh_keys": [
              "15859823"
            ],
            "status": "running",
            "timeouts": null,
            "user_data": null
          },
          "sensitive_attributes": [],
          "private": "eyJlMmJmYjczMC1lY2FhLTExZTYtOGY4OC0zNDM2M2JjN2M0YzAiOnsiY3JlYXRlIjo1NDAwMDAwMDAwMDAwfX0=",
          "dependencies": [
            "hcloud_network.network"
          ]
        }
      ]
    },
    {
      "module": "module.gateway_host_file",
      "mode": "managed",
      "type": "local_file",
      "name": "host",
      "provider": "provider[\"registry.terraform.io/hashicorp/local\"]",
      "instances": [
        {
          "schema_version": 0,
          "attributes": {
            "content": "{\"id\":\"dev_network_gateway\",\"name\":\"gateway\",\"private_ipv4\":\"10.0.0.2\",\"public_ipv4\":\"65.21.159.93\",\"public_ipv6\":\"2a01:4f9:c010:bf8c::1\",\"tags\":{\"environment\":\"development\",\"role\":\"gateway\"},\"volumes\":[]}",
            "content_base64": null,
            "content_base64sha256": "+2Uu5QXuRhBGZHdufIZmiWiZcaK80TBr1UcdorBD6JY=",
            "content_base64sha512": "4CRL9RXlbTIBU2LlJ/ZruazKyw4AREtQPMeITU5bnlk45rIB6senal5ZfrGYnUjeMYnEMs2NiY92M/wmvwijaw==",
            "content_md5": "ad92e45b18cb4c05066b2679c9dcccdc",
            "content_sha1": "8df7b37cbc1004d3cde48729ed0fc779d3cfa484",
            "content_sha256": "fb652ee505ee46104664776e7c866689689971a2bcd1306bd5471da2b043e896",
            "content_sha512": "e0244bf515e56d32015362e527f66bb9accacb0e00444b503cc7884d4e5b9e5938e6b201eac7a76a5e597eb1989d48de3189c432cd8d898f7633fc26bf08a36b",
            "directory_permission": "0777",
            "file_permission": "0777",
            "filename": "../../../..//machines/dev_network_gateway.json",
            "id": "8df7b37cbc1004d3cde48729ed0fc779d3cfa484",
            "sensitive_content": null,
            "source": null
          },
          "sensitive_attributes": [],
          "dependencies": [
            "hcloud_network.network",
            "hcloud_server.gateway"
          ]
        }
      ]
    }
  ],
  "check_results": null
}
