{
  "version": 4,
  "terraform_version": "1.5.7",
  "serial": 205,
  "lineage": "5a1ece70-dcfe-12e8-c3cf-f19c65e0988f",
  "outputs": {
    "main_network": {
      "value": "3420274",
      "type": "string"
    }
  },
  "resources": [
    {
      "mode": "managed",
      "type": "hcloud_network",
      "name": "network",
      "provider": "provider[\"registry.terraform.io/hetznercloud/hcloud\"]",
      "instances": [
        {
          "index_key": 0,
          "schema_version": 0,
          "attributes": {
            "delete_protection": false,
            "expose_routes_to_vswitch": false,
            "id": "3420274",
            "ip_range": "10.0.0.0/20",
            "labels": {},
            "name": "private_network_0"
          },
          "sensitive_attributes": [],
          "private": "bnVsbA=="
        }
      ]
    },
    {
      "mode": "managed",
      "type": "hcloud_network_subnet",
      "name": "availability_network",
      "provider": "provider[\"registry.terraform.io/hetznercloud/hcloud\"]",
      "instances": [
        {
          "index_key": 0,
          "schema_version": 0,
          "attributes": {
            "gateway": "10.0.0.1",
            "id": "3420274-10.0.0.0/20",
            "ip_range": "10.0.0.0/20",
            "network_id": 3420274,
            "network_zone": "eu-central",
            "type": "cloud",
            "vswitch_id": null
          },
          "sensitive_attributes": [],
          "private": "bnVsbA==",
          "dependencies": [
            "hcloud_network.network"
          ]
        }
      ]
    },
    {
      "mode": "managed",
      "type": "hcloud_server",
      "name": "jump_host",
      "provider": "provider[\"registry.terraform.io/hetznercloud/hcloud\"]",
      "instances": [
        {
          "schema_version": 0,
          "attributes": {
            "allow_deprecated_images": false,
            "backup_window": "",
            "backups": false,
            "datacenter": "hel1-dc2",
            "delete_protection": false,
            "firewall_ids": [],
            "id": "37896855",
            "ignore_remote_firewall_ids": false,
            "image": "debian-11",
            "ipv4_address": "65.21.159.93",
            "ipv6_address": "2a01:4f9:c010:bf8c::1",
            "ipv6_network": "2a01:4f9:c010:bf8c::/64",
            "iso": null,
            "keep_disk": false,
            "labels": {},
            "location": "hel1",
            "name": "jumphost",
            "network": [
              {
                "alias_ips": [],
                "ip": "10.0.0.2",
                "mac_address": "86:00:00:5f:d7:23",
                "network_id": 3420274
              }
            ],
            "placement_group_id": null,
            "public_net": [
              {
                "ipv4": 0,
                "ipv4_enabled": true,
                "ipv6": 0,
                "ipv6_enabled": true
              }
            ],
            "rebuild_protection": false,
            "rescue": null,
            "server_type": "cx11",
            "shutdown_before_deletion": false,
            "ssh_keys": [
              "15859823"
            ],
            "status": "running",
            "timeouts": null,
            "user_data": null
          },
          "sensitive_attributes": [],
          "private": "eyJlMmJmYjczMC1lY2FhLTExZTYtOGY4OC0zNDM2M2JjN2M0YzAiOnsiY3JlYXRlIjo1NDAwMDAwMDAwMDAwfX0=",
          "dependencies": [
            "hcloud_network.network"
          ]
        }
      ]
    },
    {
      "module": "module.jump_host_file",
      "mode": "managed",
      "type": "local_file",
      "name": "host",
      "provider": "provider[\"registry.terraform.io/hashicorp/local\"]",
      "instances": [
        {
          "schema_version": 0,
          "attributes": {
            "content": "{\"name\":\"jumphost\",\"private_ipv4\":\"10.0.0.2\",\"public_ipv4\":\"65.21.159.93\",\"public_ipv6\":\"2a01:4f9:c010:bf8c::1\",\"volumes\":[]}",
            "content_base64": null,
            "content_base64sha256": "V2sOJWnoel4cMJnbxo16fs1EcFpB0XAhvC7qgaSqgKA=",
            "content_base64sha512": "7ZgxxsB2/C+w8uDrMrg8dekHDVBkhpPpKaXvXcyiQVo9JF6SdSPrd0xPCLYDcL3tpBbX7QEOZsAY6ZEpl0LI/g==",
            "content_md5": "2ae9ff8aa7c98971b2375229db2aae4f",
            "content_sha1": "08b4eb74968314171156e4d75acf1304847baeea",
            "content_sha256": "576b0e2569e87a5e1c3099dbc68d7a7ecd44705a41d17021bc2eea81a4aa80a0",
            "content_sha512": "ed9831c6c076fc2fb0f2e0eb32b83c75e9070d50648693e929a5ef5dcca2415a3d245e927523eb774c4f08b60370bdeda416d7ed010e66c018e991299742c8fe",
            "directory_permission": "0777",
            "file_permission": "0777",
            "filename": "../../../..//machines/dev_network_jumphost.json",
            "id": "08b4eb74968314171156e4d75acf1304847baeea",
            "sensitive_content": null,
            "source": null
          },
          "sensitive_attributes": [],
          "dependencies": [
            "hcloud_server.jump_host"
          ]
        }
      ]
    }
  ],
  "check_results": null
}
