{
  "nodes": {
    "cluster": {
      "inputs": {
        "nixinate": "nixinate",
        "nixos-anywhere": "nixos-anywhere",
        "nixpkgs": "nixpkgs_3"
      },
      "locked": {
        "lastModified": 1,
        "narHash": "sha256-T1gR5n3XO/FU84Ve72d+GWkZb02bMjKq91CTuLo0FZ0=",
        "path": "./cluster-flake",
        "type": "path"
      },
      "original": {
        "path": "./cluster-flake",
        "type": "path"
      }
    },
    "disko": {
      "inputs": {
        "nixpkgs": [
          "cluster",
          "nixos-anywhere",
          "nixpkgs"
        ]
      },
      "locked": {
        "lastModified": 1694710969,
        "narHash": "sha256-5nMY+3JF/ktW8D8URataP6MCbbnID13P4CixARNoq6w=",
        "owner": "nix-community",
        "repo": "disko",
        "rev": "91af5b4a53ee8e57f4178ef58036dce49fbda91a",
        "type": "github"
      },
      "original": {
        "owner": "nix-community",
        "ref": "master",
        "repo": "disko",
        "type": "github"
      }
    },
    "disko_2": {
      "inputs": {
        "nixpkgs": [
          "nixpkgs"
        ]
      },
      "locked": {
        "lastModified": 1698422527,
        "narHash": "sha256-SDu3Xg263t3oXIyTaH0buOvFnKIDeZsvKDBtOz+jRbs=",
        "owner": "nix-community",
        "repo": "disko",
        "rev": "944d338d24a9d043a3f7461c30ee6cfe4f9cca30",
        "type": "github"
      },
      "original": {
        "owner": "nix-community",
        "repo": "disko",
        "type": "github"
      }
    },
    "disko_3": {
      "inputs": {
        "nixpkgs": [
          "nixos-anywhere",
          "nixpkgs"
        ]
      },
      "locked": {
        "lastModified": 1694710969,
        "narHash": "sha256-5nMY+3JF/ktW8D8URataP6MCbbnID13P4CixARNoq6w=",
        "owner": "nix-community",
        "repo": "disko",
        "rev": "91af5b4a53ee8e57f4178ef58036dce49fbda91a",
        "type": "github"
      },
      "original": {
        "owner": "nix-community",
        "ref": "master",
        "repo": "disko",
        "type": "github"
      }
    },
    "flake-parts": {
      "inputs": {
        "nixpkgs-lib": [
          "cluster",
          "nixos-anywhere",
          "nixpkgs"
        ]
      },
      "locked": {
        "lastModified": 1693611461,
        "narHash": "sha256-aPODl8vAgGQ0ZYFIRisxYG5MOGSkIczvu2Cd8Gb9+1Y=",
        "owner": "hercules-ci",
        "repo": "flake-parts",
        "rev": "7f53fdb7bdc5bb237da7fefef12d099e4fd611ca",
        "type": "github"
      },
      "original": {
        "owner": "hercules-ci",
        "repo": "flake-parts",
        "type": "github"
      }
    },
    "flake-parts_2": {
      "inputs": {
        "nixpkgs-lib": [
          "nixos-anywhere",
          "nixpkgs"
        ]
      },
      "locked": {
        "lastModified": 1693611461,
        "narHash": "sha256-aPODl8vAgGQ0ZYFIRisxYG5MOGSkIczvu2Cd8Gb9+1Y=",
        "owner": "hercules-ci",
        "repo": "flake-parts",
        "rev": "7f53fdb7bdc5bb237da7fefef12d099e4fd611ca",
        "type": "github"
      },
      "original": {
        "owner": "hercules-ci",
        "repo": "flake-parts",
        "type": "github"
      }
    },
    "home-manager": {
      "inputs": {
        "nixpkgs": [
          "nixpkgs"
        ]
      },
      "locked": {
        "lastModified": 1695108154,
        "narHash": "sha256-gSg7UTVtls2yO9lKtP0yb66XBHT1Fx5qZSZbGMpSn2c=",
        "owner": "nix-community",
        "repo": "home-manager",
        "rev": "07682fff75d41f18327a871088d20af2710d4744",
        "type": "github"
      },
      "original": {
        "owner": "nix-community",
        "ref": "release-23.05",
        "repo": "home-manager",
        "type": "github"
      }
    },
    "nixinate": {
      "inputs": {
        "nixpkgs": "nixpkgs"
      },
      "locked": {
        "lastModified": 1688141737,
        "narHash": "sha256-qHrNMYWukOKmKVf6wXOGKj1xxUnOGjvTRbt/PLLXuBE=",
        "owner": "matthewcroughan",
        "repo": "nixinate",
        "rev": "7902ae845e6cc5bd450e510cdf5e009a6e4a44d9",
        "type": "github"
      },
      "original": {
        "owner": "matthewcroughan",
        "repo": "nixinate",
        "type": "github"
      }
    },
    "nixinate_2": {
      "inputs": {
        "nixpkgs": "nixpkgs_4"
      },
      "locked": {
        "lastModified": 1688141737,
        "narHash": "sha256-qHrNMYWukOKmKVf6wXOGKj1xxUnOGjvTRbt/PLLXuBE=",
        "owner": "matthewcroughan",
        "repo": "nixinate",
        "rev": "7902ae845e6cc5bd450e510cdf5e009a6e4a44d9",
        "type": "github"
      },
      "original": {
        "owner": "matthewcroughan",
        "repo": "nixinate",
        "type": "github"
      }
    },
    "nixos-2305": {
      "locked": {
        "lastModified": 1694724971,
        "narHash": "sha256-NazxO2WuzV1pVnVoFpo7vJbgTTDhywhDxEDwFw6tyWY=",
        "owner": "NixOS",
        "repo": "nixpkgs",
        "rev": "16a63df66bfefec64daab3da10d414055d782d66",
        "type": "github"
      },
      "original": {
        "owner": "NixOS",
        "ref": "release-23.05",
        "repo": "nixpkgs",
        "type": "github"
      }
    },
    "nixos-2305_2": {
      "locked": {
        "lastModified": 1694724971,
        "narHash": "sha256-NazxO2WuzV1pVnVoFpo7vJbgTTDhywhDxEDwFw6tyWY=",
        "owner": "NixOS",
        "repo": "nixpkgs",
        "rev": "16a63df66bfefec64daab3da10d414055d782d66",
        "type": "github"
      },
      "original": {
        "owner": "NixOS",
        "ref": "release-23.05",
        "repo": "nixpkgs",
        "type": "github"
      }
    },
    "nixos-2305_3": {
      "locked": {
        "lastModified": 1691214239,
        "narHash": "sha256-GcV1Ona0M8CpS0X6K9ZksWht9HUWXP+k4S0/zk02VmQ=",
        "owner": "Mic92",
        "repo": "nixpkgs",
        "rev": "831724726ba052189092f52ae0774dd406d657bb",
        "type": "github"
      },
      "original": {
        "owner": "Mic92",
        "ref": "netboot-fix-backport",
        "repo": "nixpkgs",
        "type": "github"
      }
    },
    "nixos-anywhere": {
      "inputs": {
        "disko": "disko",
        "flake-parts": "flake-parts",
        "nixos-2305": "nixos-2305",
        "nixos-images": "nixos-images",
        "nixpkgs": "nixpkgs_2",
        "treefmt-nix": "treefmt-nix"
      },
      "locked": {
        "lastModified": 1698399787,
        "narHash": "sha256-AYVOOfXGq71hnxEDof1Ac5a9wBktOrTaWOYHpSFTqZo=",
        "owner": "nix-community",
        "repo": "nixos-anywhere",
        "rev": "12d5c4dd3eb8d852e9142915179aa6c414ac8fcc",
        "type": "github"
      },
      "original": {
        "owner": "nix-community",
        "repo": "nixos-anywhere",
        "type": "github"
      }
    },
    "nixos-anywhere_2": {
      "inputs": {
        "disko": "disko_3",
        "flake-parts": "flake-parts_2",
        "nixos-2305": "nixos-2305_2",
        "nixos-images": "nixos-images_2",
        "nixpkgs": "nixpkgs_5",
        "treefmt-nix": "treefmt-nix_2"
      },
      "locked": {
        "lastModified": 1698399787,
        "narHash": "sha256-AYVOOfXGq71hnxEDof1Ac5a9wBktOrTaWOYHpSFTqZo=",
        "owner": "nix-community",
        "repo": "nixos-anywhere",
        "rev": "12d5c4dd3eb8d852e9142915179aa6c414ac8fcc",
        "type": "github"
      },
      "original": {
        "owner": "nix-community",
        "repo": "nixos-anywhere",
        "type": "github"
      }
    },
    "nixos-hardware": {
      "locked": {
        "lastModified": 1698053470,
        "narHash": "sha256-sP8D/41UiwC2qn0X40oi+DfuVzNHMROqIWdSdCI/AYA=",
        "owner": "nixos",
        "repo": "nixos-hardware",
        "rev": "80d98a7d55c6e27954a166cb583a41325e9512d7",
        "type": "github"
      },
      "original": {
        "owner": "nixos",
        "repo": "nixos-hardware",
        "type": "github"
      }
    },
    "nixos-images": {
      "inputs": {
        "nixos-2305": [
          "cluster",
          "nixos-anywhere",
          "nixos-2305"
        ],
        "nixos-unstable": [
          "cluster",
          "nixos-anywhere",
          "nixpkgs"
        ]
      },
      "locked": {
        "lastModified": 1694429687,
        "narHash": "sha256-fopTSMmOjk7/ro8+P2wZxAC8OPUKtuwHLNp2xSPXVjc=",
        "owner": "nix-community",
        "repo": "nixos-images",
        "rev": "c4c73bce65306a1e747684dd0d4bcf0ab2779585",
        "type": "github"
      },
      "original": {
        "owner": "nix-community",
        "repo": "nixos-images",
        "type": "github"
      }
    },
    "nixos-images_2": {
      "inputs": {
        "nixos-2305": [
          "nixos-anywhere",
          "nixos-2305"
        ],
        "nixos-unstable": [
          "nixos-anywhere",
          "nixpkgs"
        ]
      },
      "locked": {
        "lastModified": 1694429687,
        "narHash": "sha256-fopTSMmOjk7/ro8+P2wZxAC8OPUKtuwHLNp2xSPXVjc=",
        "owner": "nix-community",
        "repo": "nixos-images",
        "rev": "c4c73bce65306a1e747684dd0d4bcf0ab2779585",
        "type": "github"
      },
      "original": {
        "owner": "nix-community",
        "repo": "nixos-images",
        "type": "github"
      }
    },
    "nixos-images_3": {
      "inputs": {
        "nixos-2305": "nixos-2305_3",
        "nixos-unstable": "nixos-unstable"
      },
      "locked": {
        "lastModified": 1697515196,
        "narHash": "sha256-EZivLoJHCqJdi23Mn/p+lPNHBBctGSWzEnAhYfC0VD0=",
        "owner": "nix-community",
        "repo": "nixos-images",
        "rev": "87bccdbdfbeb07e0c4fb4c2ec3d71986e8fa24d9",
        "type": "github"
      },
      "original": {
        "owner": "nix-community",
        "repo": "nixos-images",
        "type": "github"
      }
    },
    "nixos-unstable": {
      "locked": {
        "lastModified": 1691180400,
        "narHash": "sha256-3XvIucYLBKM9xML1QH4fGSB9HFQ3me36ejJo9gTyuDE=",
        "owner": "Mic92",
        "repo": "nixpkgs",
        "rev": "52a39dea62074a5d47001e86646f71dff78ffcad",
        "type": "github"
      },
      "original": {
        "owner": "Mic92",
        "ref": "netboot-fix",
        "repo": "nixpkgs",
        "type": "github"
      }
    },
    "nixpkgs": {
      "locked": {
        "lastModified": 1653060744,
        "narHash": "sha256-kfRusllRumpt33J1hPV+CeCCylCXEU7e0gn2/cIM7cY=",
        "owner": "nixos",
        "repo": "nixpkgs",
        "rev": "dfd82985c273aac6eced03625f454b334daae2e8",
        "type": "github"
      },
      "original": {
        "owner": "nixos",
        "ref": "nixos-unstable",
        "repo": "nixpkgs",
        "type": "github"
      }
    },
    "nixpkgs-legacy_2105": {
      "locked": {
        "lastModified": 1659914493,
        "narHash": "sha256-lkA5X3VNMKirvA+SUzvEhfA7XquWLci+CGi505YFAIs=",
        "owner": "nixos",
        "repo": "nixpkgs",
        "rev": "022caabb5f2265ad4006c1fa5b1ebe69fb0c3faf",
        "type": "github"
      },
      "original": {
        "owner": "nixos",
        "ref": "nixos-21.05",
        "repo": "nixpkgs",
        "type": "github"
      }
    },
    "nixpkgs-legacy_2205": {
      "locked": {
        "lastModified": 1685573264,
        "narHash": "sha256-Zffu01pONhs/pqH07cjlF10NnMDLok8ix5Uk4rhOnZQ=",
        "owner": "nixos",
        "repo": "nixpkgs",
        "rev": "380be19fbd2d9079f677978361792cb25e8a3635",
        "type": "github"
      },
      "original": {
        "owner": "nixos",
        "ref": "nixos-22.05",
        "repo": "nixpkgs",
        "type": "github"
      }
    },
    "nixpkgs-legacy_2211": {
      "locked": {
        "lastModified": 1688392541,
        "narHash": "sha256-lHrKvEkCPTUO+7tPfjIcb7Trk6k31rz18vkyqmkeJfY=",
        "owner": "nixos",
        "repo": "nixpkgs",
        "rev": "ea4c80b39be4c09702b0cb3b42eab59e2ba4f24b",
        "type": "github"
      },
      "original": {
        "owner": "nixos",
        "ref": "nixos-22.11",
        "repo": "nixpkgs",
        "type": "github"
      }
    },
    "nixpkgs-stable": {
      "locked": {
        "lastModified": 1697929210,
        "narHash": "sha256-RkQZif6QhswEwv7484mrKfIU8XmIWm+ED6llbr4IyxM=",
        "owner": "NixOS",
        "repo": "nixpkgs",
        "rev": "fb000224952bf7749a9e8b3779104ef7ea4465c8",
        "type": "github"
      },
      "original": {
        "owner": "NixOS",
        "ref": "release-23.05",
        "repo": "nixpkgs",
        "type": "github"
      }
    },
    "nixpkgs-unstable": {
      "locked": {
        "lastModified": 1698318101,
        "narHash": "sha256-gUihHt3yPD7bVqg+k/UVHgngyaJ3DMEBchbymBMvK1E=",
        "owner": "nixos",
        "repo": "nixpkgs",
        "rev": "63678e9f3d3afecfeafa0acead6239cdb447574c",
        "type": "github"
      },
      "original": {
        "owner": "nixos",
        "ref": "nixos-unstable",
        "repo": "nixpkgs",
        "type": "github"
      }
    },
    "nixpkgs_2": {
      "locked": {
        "lastModified": 1694669921,
        "narHash": "sha256-6ESpJ6FsftHV96JO/zn6je07tyV2dlLR7SdLsmkegTY=",
        "owner": "nixos",
        "repo": "nixpkgs",
        "rev": "f2ea252d23ebc9a5336bf6a61e0644921f64e67c",
        "type": "github"
      },
      "original": {
        "owner": "nixos",
        "ref": "nixos-unstable-small",
        "repo": "nixpkgs",
        "type": "github"
      }
    },
    "nixpkgs_3": {
      "locked": {
        "lastModified": 1698288402,
        "narHash": "sha256-jIIjApPdm+4yt8PglX8pUOexAdEiAax/DXW3S/Mb21E=",
        "owner": "nixos",
        "repo": "nixpkgs",
        "rev": "60b9db998f71ea49e1a9c41824d09aa274be1344",
        "type": "github"
      },
      "original": {
        "owner": "nixos",
        "ref": "nixos-23.05",
        "repo": "nixpkgs",
        "type": "github"
      }
    },
    "nixpkgs_4": {
      "locked": {
        "lastModified": 1653060744,
        "narHash": "sha256-kfRusllRumpt33J1hPV+CeCCylCXEU7e0gn2/cIM7cY=",
        "owner": "nixos",
        "repo": "nixpkgs",
        "rev": "dfd82985c273aac6eced03625f454b334daae2e8",
        "type": "github"
      },
      "original": {
        "owner": "nixos",
        "ref": "nixos-unstable",
        "repo": "nixpkgs",
        "type": "github"
      }
    },
    "nixpkgs_5": {
      "locked": {
        "lastModified": 1694669921,
        "narHash": "sha256-6ESpJ6FsftHV96JO/zn6je07tyV2dlLR7SdLsmkegTY=",
        "owner": "nixos",
        "repo": "nixpkgs",
        "rev": "f2ea252d23ebc9a5336bf6a61e0644921f64e67c",
        "type": "github"
      },
      "original": {
        "owner": "nixos",
        "ref": "nixos-unstable-small",
        "repo": "nixpkgs",
        "type": "github"
      }
    },
    "nixpkgs_6": {
      "locked": {
        "lastModified": 1698288402,
        "narHash": "sha256-jIIjApPdm+4yt8PglX8pUOexAdEiAax/DXW3S/Mb21E=",
        "owner": "nixos",
        "repo": "nixpkgs",
        "rev": "60b9db998f71ea49e1a9c41824d09aa274be1344",
        "type": "github"
      },
      "original": {
        "owner": "nixos",
        "ref": "nixos-23.05",
        "repo": "nixpkgs",
        "type": "github"
      }
    },
    "nixpkgs_7": {
      "locked": {
        "lastModified": 1697886341,
        "narHash": "sha256-AdE67xPty9M9wn36nPVp6aDntIdigrs7UbyaGv1VAaM=",
        "owner": "NixOS",
        "repo": "nixpkgs",
        "rev": "44881e03af1c730cbb1d72a4d41274a2c957813a",
        "type": "github"
      },
      "original": {
        "owner": "NixOS",
        "ref": "nixpkgs-unstable",
        "repo": "nixpkgs",
        "type": "github"
      }
    },
    "permown": {
      "inputs": {
        "nixpkgs": [
          "nixpkgs"
        ]
      },
      "locked": {
        "lastModified": 1671380869,
        "narHash": "sha256-oZIQ0/KT9tZAmYS1R+AZKrzIW95Db4UhalV/hE5UJbA=",
        "owner": "mrVanDalo",
        "repo": "module.permown",
        "rev": "085a4a4b5440a3db016da10d655a15a3e669a141",
        "type": "github"
      },
      "original": {
        "owner": "mrVanDalo",
        "repo": "module.permown",
        "type": "github"
      }
    },
    "root": {
      "inputs": {
        "cluster": "cluster",
        "disko": "disko_2",
        "home-manager": "home-manager",
        "nixinate": "nixinate_2",
        "nixos-anywhere": "nixos-anywhere_2",
        "nixos-hardware": "nixos-hardware",
        "nixos-images": "nixos-images_3",
        "nixpkgs": "nixpkgs_6",
        "nixpkgs-legacy_2105": "nixpkgs-legacy_2105",
        "nixpkgs-legacy_2205": "nixpkgs-legacy_2205",
        "nixpkgs-legacy_2211": "nixpkgs-legacy_2211",
        "nixpkgs-unstable": "nixpkgs-unstable",
        "permown": "permown",
        "sops-nix": "sops-nix"
      }
    },
    "sops-nix": {
      "inputs": {
        "nixpkgs": "nixpkgs_7",
        "nixpkgs-stable": "nixpkgs-stable"
      },
      "locked": {
        "lastModified": 1698273636,
        "narHash": "sha256-swsqg/ckSVJnravx7ie9NFQSKIH27owtlk0wh4+xStk=",
        "owner": "Mic92",
        "repo": "sops-nix",
        "rev": "014e44d334a39481223a5d163530d4c4ca2e75cb",
        "type": "github"
      },
      "original": {
        "owner": "Mic92",
        "repo": "sops-nix",
        "type": "github"
      }
    },
    "treefmt-nix": {
      "inputs": {
        "nixpkgs": [
          "cluster",
          "nixos-anywhere",
          "nixpkgs"
        ]
      },
      "locked": {
        "lastModified": 1694528738,
        "narHash": "sha256-aWMEjib5oTqEzF9f3WXffC1cwICo6v/4dYKjwNktV8k=",
        "owner": "numtide",
        "repo": "treefmt-nix",
        "rev": "7a49c388d7a6b63bb551b1ddedfa4efab8f400d8",
        "type": "github"
      },
      "original": {
        "owner": "numtide",
        "repo": "treefmt-nix",
        "type": "github"
      }
    },
    "treefmt-nix_2": {
      "inputs": {
        "nixpkgs": [
          "nixos-anywhere",
          "nixpkgs"
        ]
      },
      "locked": {
        "lastModified": 1694528738,
        "narHash": "sha256-aWMEjib5oTqEzF9f3WXffC1cwICo6v/4dYKjwNktV8k=",
        "owner": "numtide",
        "repo": "treefmt-nix",
        "rev": "7a49c388d7a6b63bb551b1ddedfa4efab8f400d8",
        "type": "github"
      },
      "original": {
        "owner": "numtide",
        "repo": "treefmt-nix",
        "type": "github"
      }
    }
  },
  "root": "root",
  "version": 7
}
