{
  "nodes": {
    "cluster": {
      "inputs": {
        "nixinate": "nixinate",
        "nixos-anywhere": "nixos-anywhere",
        "nixpkgs": "nixpkgs_3"
      },
      "locked": {
        "lastModified": 1,
        "narHash": "sha256-9OaoYXz4zmIiss5w5AFKoV2bZUJSSKcIyvmWLBnyDxs=",
        "path": "./cluster-flake",
        "type": "path"
      },
      "original": {
        "path": "./cluster-flake",
        "type": "path"
      }
    },
    "disko": {
      "inputs": {
        "nixpkgs": [
          "cluster",
          "nixos-anywhere",
          "nixpkgs"
        ]
      },
      "locked": {
        "lastModified": 1694710969,
        "narHash": "sha256-5nMY+3JF/ktW8D8URataP6MCbbnID13P4CixARNoq6w=",
        "owner": "nix-community",
        "repo": "disko",
        "rev": "91af5b4a53ee8e57f4178ef58036dce49fbda91a",
        "type": "github"
      },
      "original": {
        "owner": "nix-community",
        "ref": "master",
        "repo": "disko",
        "type": "github"
      }
    },
    "disko_2": {
      "inputs": {
        "nixpkgs": [
          "nixpkgs"
        ]
      },
      "locked": {
        "lastModified": 1696468923,
        "narHash": "sha256-qSM7NKgf8LcZ5hjKHZ8ANFI8+LQivvAypbhJHBJmYFM=",
        "owner": "nix-community",
        "repo": "disko",
        "rev": "cde886a1c97ef2399b4f91409db045785020291f",
        "type": "github"
      },
      "original": {
        "owner": "nix-community",
        "repo": "disko",
        "type": "github"
      }
    },
    "disko_3": {
      "inputs": {
        "nixpkgs": [
          "nixos-anywhere",
          "nixpkgs"
        ]
      },
      "locked": {
        "lastModified": 1694710969,
        "narHash": "sha256-5nMY+3JF/ktW8D8URataP6MCbbnID13P4CixARNoq6w=",
        "owner": "nix-community",
        "repo": "disko",
        "rev": "91af5b4a53ee8e57f4178ef58036dce49fbda91a",
        "type": "github"
      },
      "original": {
        "owner": "nix-community",
        "ref": "master",
        "repo": "disko",
        "type": "github"
      }
    },
    "dns": {
      "inputs": {
        "flake-utils": "flake-utils",
        "nixpkgs": [
          "nixpkgs"
        ]
      },
      "locked": {
        "lastModified": 1635273082,
        "narHash": "sha256-EHiDP2jEa7Ai5ZwIf5uld9RVFcV77+2SUxjQXwJsJa0=",
        "owner": "kirelagin",
        "repo": "dns.nix",
        "rev": "c7b9645da9c0ddce4f9de4ef27ec01bb8108039a",
        "type": "github"
      },
      "original": {
        "owner": "kirelagin",
        "repo": "dns.nix",
        "type": "github"
      }
    },
    "flake-parts": {
      "inputs": {
        "nixpkgs-lib": [
          "cluster",
          "nixos-anywhere",
          "nixpkgs"
        ]
      },
      "locked": {
        "lastModified": 1693611461,
        "narHash": "sha256-aPODl8vAgGQ0ZYFIRisxYG5MOGSkIczvu2Cd8Gb9+1Y=",
        "owner": "hercules-ci",
        "repo": "flake-parts",
        "rev": "7f53fdb7bdc5bb237da7fefef12d099e4fd611ca",
        "type": "github"
      },
      "original": {
        "owner": "hercules-ci",
        "repo": "flake-parts",
        "type": "github"
      }
    },
    "flake-parts_2": {
      "inputs": {
        "nixpkgs-lib": [
          "nixos-anywhere",
          "nixpkgs"
        ]
      },
      "locked": {
        "lastModified": 1693611461,
        "narHash": "sha256-aPODl8vAgGQ0ZYFIRisxYG5MOGSkIczvu2Cd8Gb9+1Y=",
        "owner": "hercules-ci",
        "repo": "flake-parts",
        "rev": "7f53fdb7bdc5bb237da7fefef12d099e4fd611ca",
        "type": "github"
      },
      "original": {
        "owner": "hercules-ci",
        "repo": "flake-parts",
        "type": "github"
      }
    },
    "flake-utils": {
      "locked": {
        "lastModified": 1614513358,
        "narHash": "sha256-LakhOx3S1dRjnh0b5Dg3mbZyH0ToC9I8Y2wKSkBaTzU=",
        "owner": "numtide",
        "repo": "flake-utils",
        "rev": "5466c5bbece17adaab2d82fae80b46e807611bf3",
        "type": "github"
      },
      "original": {
        "owner": "numtide",
        "repo": "flake-utils",
        "type": "github"
      }
    },
    "home-manager": {
      "inputs": {
        "nixpkgs": [
          "nixpkgs"
        ]
      },
      "locked": {
        "lastModified": 1695108154,
        "narHash": "sha256-gSg7UTVtls2yO9lKtP0yb66XBHT1Fx5qZSZbGMpSn2c=",
        "owner": "nix-community",
        "repo": "home-manager",
        "rev": "07682fff75d41f18327a871088d20af2710d4744",
        "type": "github"
      },
      "original": {
        "owner": "nix-community",
        "ref": "release-23.05",
        "repo": "home-manager",
        "type": "github"
      }
    },
    "nixinate": {
      "inputs": {
        "nixpkgs": "nixpkgs"
      },
      "locked": {
        "lastModified": 1688141737,
        "narHash": "sha256-qHrNMYWukOKmKVf6wXOGKj1xxUnOGjvTRbt/PLLXuBE=",
        "owner": "matthewcroughan",
        "repo": "nixinate",
        "rev": "7902ae845e6cc5bd450e510cdf5e009a6e4a44d9",
        "type": "github"
      },
      "original": {
        "owner": "matthewcroughan",
        "repo": "nixinate",
        "type": "github"
      }
    },
    "nixinate_2": {
      "inputs": {
        "nixpkgs": "nixpkgs_4"
      },
      "locked": {
        "lastModified": 1688141737,
        "narHash": "sha256-qHrNMYWukOKmKVf6wXOGKj1xxUnOGjvTRbt/PLLXuBE=",
        "owner": "matthewcroughan",
        "repo": "nixinate",
        "rev": "7902ae845e6cc5bd450e510cdf5e009a6e4a44d9",
        "type": "github"
      },
      "original": {
        "owner": "matthewcroughan",
        "repo": "nixinate",
        "type": "github"
      }
    },
    "nixos-2305": {
      "locked": {
        "lastModified": 1694724971,
        "narHash": "sha256-NazxO2WuzV1pVnVoFpo7vJbgTTDhywhDxEDwFw6tyWY=",
        "owner": "NixOS",
        "repo": "nixpkgs",
        "rev": "16a63df66bfefec64daab3da10d414055d782d66",
        "type": "github"
      },
      "original": {
        "owner": "NixOS",
        "ref": "release-23.05",
        "repo": "nixpkgs",
        "type": "github"
      }
    },
    "nixos-2305_2": {
      "locked": {
        "lastModified": 1694724971,
        "narHash": "sha256-NazxO2WuzV1pVnVoFpo7vJbgTTDhywhDxEDwFw6tyWY=",
        "owner": "NixOS",
        "repo": "nixpkgs",
        "rev": "16a63df66bfefec64daab3da10d414055d782d66",
        "type": "github"
      },
      "original": {
        "owner": "NixOS",
        "ref": "release-23.05",
        "repo": "nixpkgs",
        "type": "github"
      }
    },
    "nixos-2305_3": {
      "locked": {
        "lastModified": 1691214239,
        "narHash": "sha256-GcV1Ona0M8CpS0X6K9ZksWht9HUWXP+k4S0/zk02VmQ=",
        "owner": "Mic92",
        "repo": "nixpkgs",
        "rev": "831724726ba052189092f52ae0774dd406d657bb",
        "type": "github"
      },
      "original": {
        "owner": "Mic92",
        "ref": "netboot-fix-backport",
        "repo": "nixpkgs",
        "type": "github"
      }
    },
    "nixos-anywhere": {
      "inputs": {
        "disko": "disko",
        "flake-parts": "flake-parts",
        "nixos-2305": "nixos-2305",
        "nixos-images": "nixos-images",
        "nixpkgs": "nixpkgs_2",
        "treefmt-nix": "treefmt-nix"
      },
      "locked": {
        "lastModified": 1697814549,
        "narHash": "sha256-EjH9bIs2L8mEP56cgluumdaUaLeOaiIVa+9D5BfnpjI=",
        "owner": "nix-community",
        "repo": "nixos-anywhere",
        "rev": "c1d289366b38474bd0a6d7af2dab52bbb8476297",
        "type": "github"
      },
      "original": {
        "owner": "nix-community",
        "repo": "nixos-anywhere",
        "type": "github"
      }
    },
    "nixos-anywhere_2": {
      "inputs": {
        "disko": "disko_3",
        "flake-parts": "flake-parts_2",
        "nixos-2305": "nixos-2305_2",
        "nixos-images": "nixos-images_2",
        "nixpkgs": "nixpkgs_5",
        "treefmt-nix": "treefmt-nix_2"
      },
      "locked": {
        "lastModified": 1696441224,
        "narHash": "sha256-HYuoi7TSSHpRXW9wqCgxjPe9mEWnsAzIWIl3Z9oUA+k=",
        "owner": "nix-community",
        "repo": "nixos-anywhere",
        "rev": "ffcbf8c326f05f7a66563a12e57562f53af2c28b",
        "type": "github"
      },
      "original": {
        "owner": "nix-community",
        "repo": "nixos-anywhere",
        "type": "github"
      }
    },
    "nixos-hardware": {
      "locked": {
        "lastModified": 1696488240,
        "narHash": "sha256-m9H4XDHaO7fGXLWTgNFrKFbBbMvrJpB7Sj6BcTM/2UE=",
        "owner": "nixos",
        "repo": "nixos-hardware",
        "rev": "6d05cccc80feaf93d5f3d6837f8c2db582b29cf8",
        "type": "github"
      },
      "original": {
        "owner": "nixos",
        "repo": "nixos-hardware",
        "type": "github"
      }
    },
    "nixos-images": {
      "inputs": {
        "nixos-2305": [
          "cluster",
          "nixos-anywhere",
          "nixos-2305"
        ],
        "nixos-unstable": [
          "cluster",
          "nixos-anywhere",
          "nixpkgs"
        ]
      },
      "locked": {
        "lastModified": 1694429687,
        "narHash": "sha256-fopTSMmOjk7/ro8+P2wZxAC8OPUKtuwHLNp2xSPXVjc=",
        "owner": "nix-community",
        "repo": "nixos-images",
        "rev": "c4c73bce65306a1e747684dd0d4bcf0ab2779585",
        "type": "github"
      },
      "original": {
        "owner": "nix-community",
        "repo": "nixos-images",
        "type": "github"
      }
    },
    "nixos-images_2": {
      "inputs": {
        "nixos-2305": [
          "nixos-anywhere",
          "nixos-2305"
        ],
        "nixos-unstable": [
          "nixos-anywhere",
          "nixpkgs"
        ]
      },
      "locked": {
        "lastModified": 1694429687,
        "narHash": "sha256-fopTSMmOjk7/ro8+P2wZxAC8OPUKtuwHLNp2xSPXVjc=",
        "owner": "nix-community",
        "repo": "nixos-images",
        "rev": "c4c73bce65306a1e747684dd0d4bcf0ab2779585",
        "type": "github"
      },
      "original": {
        "owner": "nix-community",
        "repo": "nixos-images",
        "type": "github"
      }
    },
    "nixos-images_3": {
      "inputs": {
        "nixos-2305": "nixos-2305_3",
        "nixos-unstable": "nixos-unstable"
      },
      "locked": {
        "lastModified": 1694429687,
        "narHash": "sha256-fopTSMmOjk7/ro8+P2wZxAC8OPUKtuwHLNp2xSPXVjc=",
        "owner": "nix-community",
        "repo": "nixos-images",
        "rev": "c4c73bce65306a1e747684dd0d4bcf0ab2779585",
        "type": "github"
      },
      "original": {
        "owner": "nix-community",
        "repo": "nixos-images",
        "type": "github"
      }
    },
    "nixos-unstable": {
      "locked": {
        "lastModified": 1691180400,
        "narHash": "sha256-3XvIucYLBKM9xML1QH4fGSB9HFQ3me36ejJo9gTyuDE=",
        "owner": "Mic92",
        "repo": "nixpkgs",
        "rev": "52a39dea62074a5d47001e86646f71dff78ffcad",
        "type": "github"
      },
      "original": {
        "owner": "Mic92",
        "ref": "netboot-fix",
        "repo": "nixpkgs",
        "type": "github"
      }
    },
    "nixpkgs": {
      "locked": {
        "lastModified": 1653060744,
        "narHash": "sha256-kfRusllRumpt33J1hPV+CeCCylCXEU7e0gn2/cIM7cY=",
        "owner": "nixos",
        "repo": "nixpkgs",
        "rev": "dfd82985c273aac6eced03625f454b334daae2e8",
        "type": "github"
      },
      "original": {
        "owner": "nixos",
        "ref": "nixos-unstable",
        "repo": "nixpkgs",
        "type": "github"
      }
    },
    "nixpkgs-legacy_2105": {
      "locked": {
        "lastModified": 1659914493,
        "narHash": "sha256-lkA5X3VNMKirvA+SUzvEhfA7XquWLci+CGi505YFAIs=",
        "owner": "nixos",
        "repo": "nixpkgs",
        "rev": "022caabb5f2265ad4006c1fa5b1ebe69fb0c3faf",
        "type": "github"
      },
      "original": {
        "owner": "nixos",
        "ref": "nixos-21.05",
        "repo": "nixpkgs",
        "type": "github"
      }
    },
    "nixpkgs-legacy_2205": {
      "locked": {
        "lastModified": 1685573264,
        "narHash": "sha256-Zffu01pONhs/pqH07cjlF10NnMDLok8ix5Uk4rhOnZQ=",
        "owner": "nixos",
        "repo": "nixpkgs",
        "rev": "380be19fbd2d9079f677978361792cb25e8a3635",
        "type": "github"
      },
      "original": {
        "owner": "nixos",
        "ref": "nixos-22.05",
        "repo": "nixpkgs",
        "type": "github"
      }
    },
    "nixpkgs-legacy_2211": {
      "locked": {
        "lastModified": 1688392541,
        "narHash": "sha256-lHrKvEkCPTUO+7tPfjIcb7Trk6k31rz18vkyqmkeJfY=",
        "owner": "nixos",
        "repo": "nixpkgs",
        "rev": "ea4c80b39be4c09702b0cb3b42eab59e2ba4f24b",
        "type": "github"
      },
      "original": {
        "owner": "nixos",
        "ref": "nixos-22.11",
        "repo": "nixpkgs",
        "type": "github"
      }
    },
    "nixpkgs-stable": {
      "locked": {
        "lastModified": 1696123266,
        "narHash": "sha256-S6MZEneQeE4M/E/C8SMnr7B7oBnjH/hbm96Kak5hAAI=",
        "owner": "NixOS",
        "repo": "nixpkgs",
        "rev": "dbe90e63a36762f1fbde546e26a84af774a32455",
        "type": "github"
      },
      "original": {
        "owner": "NixOS",
        "ref": "release-23.05",
        "repo": "nixpkgs",
        "type": "github"
      }
    },
    "nixpkgs-unstable": {
      "locked": {
        "lastModified": 1696193975,
        "narHash": "sha256-mnQjUcYgp9Guu3RNVAB2Srr1TqKcPpRXmJf4LJk6KRY=",
        "owner": "nixos",
        "repo": "nixpkgs",
        "rev": "fdd898f8f79e8d2f99ed2ab6b3751811ef683242",
        "type": "github"
      },
      "original": {
        "owner": "nixos",
        "ref": "nixos-unstable",
        "repo": "nixpkgs",
        "type": "github"
      }
    },
    "nixpkgs_2": {
      "locked": {
        "lastModified": 1694669921,
        "narHash": "sha256-6ESpJ6FsftHV96JO/zn6je07tyV2dlLR7SdLsmkegTY=",
        "owner": "nixos",
        "repo": "nixpkgs",
        "rev": "f2ea252d23ebc9a5336bf6a61e0644921f64e67c",
        "type": "github"
      },
      "original": {
        "owner": "nixos",
        "ref": "nixos-unstable-small",
        "repo": "nixpkgs",
        "type": "github"
      }
    },
    "nixpkgs_3": {
      "locked": {
        "lastModified": 1697777081,
        "narHash": "sha256-n2vQARhKevRGyeo+LAa8g+CdUQsdH/caNk8jnylcPhY=",
        "owner": "nixos",
        "repo": "nixpkgs",
        "rev": "679cadfdfed2b90311a247b2d6ef6dfd3d6cab73",
        "type": "github"
      },
      "original": {
        "owner": "nixos",
        "ref": "nixos-23.05",
        "repo": "nixpkgs",
        "type": "github"
      }
    },
    "nixpkgs_4": {
      "locked": {
        "lastModified": 1653060744,
        "narHash": "sha256-kfRusllRumpt33J1hPV+CeCCylCXEU7e0gn2/cIM7cY=",
        "owner": "nixos",
        "repo": "nixpkgs",
        "rev": "dfd82985c273aac6eced03625f454b334daae2e8",
        "type": "github"
      },
      "original": {
        "owner": "nixos",
        "ref": "nixos-unstable",
        "repo": "nixpkgs",
        "type": "github"
      }
    },
    "nixpkgs_5": {
      "locked": {
        "lastModified": 1694669921,
        "narHash": "sha256-6ESpJ6FsftHV96JO/zn6je07tyV2dlLR7SdLsmkegTY=",
        "owner": "nixos",
        "repo": "nixpkgs",
        "rev": "f2ea252d23ebc9a5336bf6a61e0644921f64e67c",
        "type": "github"
      },
      "original": {
        "owner": "nixos",
        "ref": "nixos-unstable-small",
        "repo": "nixpkgs",
        "type": "github"
      }
    },
    "nixpkgs_6": {
      "locked": {
        "lastModified": 1696374741,
        "narHash": "sha256-gt8B3G0ryizT9HSB4cCO8QoxdbsHnrQH+/BdKxOwqF0=",
        "owner": "nixos",
        "repo": "nixpkgs",
        "rev": "8a4c17493e5c39769f79117937c79e1c88de6729",
        "type": "github"
      },
      "original": {
        "owner": "nixos",
        "ref": "nixos-23.05",
        "repo": "nixpkgs",
        "type": "github"
      }
    },
    "nixpkgs_7": {
      "locked": {
        "lastModified": 1695978539,
        "narHash": "sha256-lta5HToBZMWZ2hl5CautNSUgIZViR41QxN7JKbMAjgQ=",
        "owner": "NixOS",
        "repo": "nixpkgs",
        "rev": "bd9b686c0168041aea600222be0805a0de6e6ab8",
        "type": "github"
      },
      "original": {
        "owner": "NixOS",
        "ref": "nixpkgs-unstable",
        "repo": "nixpkgs",
        "type": "github"
      }
    },
    "permown": {
      "inputs": {
        "nixpkgs": [
          "nixpkgs"
        ]
      },
      "locked": {
        "lastModified": 1671380869,
        "narHash": "sha256-oZIQ0/KT9tZAmYS1R+AZKrzIW95Db4UhalV/hE5UJbA=",
        "owner": "mrVanDalo",
        "repo": "module.permown",
        "rev": "085a4a4b5440a3db016da10d655a15a3e669a141",
        "type": "github"
      },
      "original": {
        "owner": "mrVanDalo",
        "repo": "module.permown",
        "type": "github"
      }
    },
    "root": {
      "inputs": {
        "cluster": "cluster",
        "disko": "disko_2",
        "dns": "dns",
        "home-manager": "home-manager",
        "nixinate": "nixinate_2",
        "nixos-anywhere": "nixos-anywhere_2",
        "nixos-hardware": "nixos-hardware",
        "nixos-images": "nixos-images_3",
        "nixpkgs": "nixpkgs_6",
        "nixpkgs-legacy_2105": "nixpkgs-legacy_2105",
        "nixpkgs-legacy_2205": "nixpkgs-legacy_2205",
        "nixpkgs-legacy_2211": "nixpkgs-legacy_2211",
        "nixpkgs-unstable": "nixpkgs-unstable",
        "permown": "permown",
        "sops-nix": "sops-nix"
      }
    },
    "sops-nix": {
      "inputs": {
        "nixpkgs": "nixpkgs_7",
        "nixpkgs-stable": "nixpkgs-stable"
      },
      "locked": {
        "lastModified": 1696320910,
        "narHash": "sha256-fbuEc6wylH+0VxG48lhPBK+SQJHfo2lusUwWHZNipIM=",
        "owner": "Mic92",
        "repo": "sops-nix",
        "rev": "746c7fa1a64c1671a4bf287737c27fdc7101c4c2",
        "type": "github"
      },
      "original": {
        "owner": "Mic92",
        "repo": "sops-nix",
        "type": "github"
      }
    },
    "treefmt-nix": {
      "inputs": {
        "nixpkgs": [
          "cluster",
          "nixos-anywhere",
          "nixpkgs"
        ]
      },
      "locked": {
        "lastModified": 1694528738,
        "narHash": "sha256-aWMEjib5oTqEzF9f3WXffC1cwICo6v/4dYKjwNktV8k=",
        "owner": "numtide",
        "repo": "treefmt-nix",
        "rev": "7a49c388d7a6b63bb551b1ddedfa4efab8f400d8",
        "type": "github"
      },
      "original": {
        "owner": "numtide",
        "repo": "treefmt-nix",
        "type": "github"
      }
    },
    "treefmt-nix_2": {
      "inputs": {
        "nixpkgs": [
          "nixos-anywhere",
          "nixpkgs"
        ]
      },
      "locked": {
        "lastModified": 1694528738,
        "narHash": "sha256-aWMEjib5oTqEzF9f3WXffC1cwICo6v/4dYKjwNktV8k=",
        "owner": "numtide",
        "repo": "treefmt-nix",
        "rev": "7a49c388d7a6b63bb551b1ddedfa4efab8f400d8",
        "type": "github"
      },
      "original": {
        "owner": "numtide",
        "repo": "treefmt-nix",
        "type": "github"
      }
    }
  },
  "root": "root",
  "version": 7
}
