{
  "version": 4,
  "terraform_version": "1.5.7",
  "serial": 85,
  "lineage": "a6964175-0fdd-065a-72c6-06f4496f4607",
  "outputs": {},
  "resources": [
    {
      "mode": "managed",
      "type": "hcloud_server",
      "name": "nix_cache",
      "provider": "provider[\"registry.terraform.io/hetznercloud/hcloud\"]",
      "instances": [
        {
          "schema_version": 0,
          "attributes": {
            "allow_deprecated_images": false,
            "backup_window": "",
            "backups": false,
            "datacenter": "hel1-dc2",
            "delete_protection": false,
            "firewall_ids": [],
            "id": "37899269",
            "ignore_remote_firewall_ids": false,
            "image": "debian-11",
            "ipv4_address": "",
            "ipv6_address": "",
            "ipv6_network": "\u003cnil\u003e",
            "iso": null,
            "keep_disk": false,
            "labels": null,
            "location": "hel1",
            "name": "nix-cache",
            "network": [
              {
                "alias_ips": [],
                "ip": "10.0.0.3",
                "mac_address": "86:00:00:5f:da:cc",
                "network_id": 3420274
              }
            ],
            "placement_group_id": null,
            "public_net": [
              {
                "ipv4": 0,
                "ipv4_enabled": false,
                "ipv6": 0,
                "ipv6_enabled": false
              }
            ],
            "rebuild_protection": false,
            "rescue": null,
            "server_type": "cx41",
            "shutdown_before_deletion": false,
            "ssh_keys": [
              "15859823"
            ],
            "status": "running",
            "timeouts": null,
            "user_data": null
          },
          "sensitive_attributes": [],
          "private": "eyJlMmJmYjczMC1lY2FhLTExZTYtOGY4OC0zNDM2M2JjN2M0YzAiOnsiY3JlYXRlIjo1NDAwMDAwMDAwMDAwfX0="
        }
      ]
    },
    {
      "mode": "managed",
      "type": "hcloud_server",
      "name": "vault",
      "provider": "provider[\"registry.terraform.io/hetznercloud/hcloud\"]",
      "instances": [
        {
          "index_key": 0,
          "schema_version": 0,
          "attributes": {
            "allow_deprecated_images": false,
            "backup_window": "",
            "backups": false,
            "datacenter": "hel1-dc2",
            "delete_protection": false,
            "firewall_ids": [],
            "id": "37899271",
            "ignore_remote_firewall_ids": false,
            "image": "debian-11",
            "ipv4_address": "",
            "ipv6_address": "",
            "ipv6_network": "\u003cnil\u003e",
            "iso": null,
            "keep_disk": false,
            "labels": null,
            "location": "hel1",
            "name": "vault-0",
            "network": [
              {
                "alias_ips": [],
                "ip": "10.0.0.4",
                "mac_address": "86:00:00:5f:da:cd",
                "network_id": 3420274
              }
            ],
            "placement_group_id": null,
            "public_net": [
              {
                "ipv4": 0,
                "ipv4_enabled": false,
                "ipv6": 0,
                "ipv6_enabled": false
              }
            ],
            "rebuild_protection": false,
            "rescue": null,
            "server_type": "cx41",
            "shutdown_before_deletion": false,
            "ssh_keys": [
              "15859823"
            ],
            "status": "running",
            "timeouts": null,
            "user_data": null
          },
          "sensitive_attributes": [],
          "private": "eyJlMmJmYjczMC1lY2FhLTExZTYtOGY4OC0zNDM2M2JjN2M0YzAiOnsiY3JlYXRlIjo1NDAwMDAwMDAwMDAwfX0="
        }
      ]
    },
    {
      "mode": "managed",
      "type": "hcloud_volume",
      "name": "nix_cache",
      "provider": "provider[\"registry.terraform.io/hetznercloud/hcloud\"]",
      "instances": [
        {
          "schema_version": 0,
          "attributes": {
            "automount": true,
            "delete_protection": false,
            "format": "ext4",
            "id": "37738233",
            "labels": null,
            "linux_device": "/dev/disk/by-id/scsi-0HC_Volume_37738233",
            "location": "hel1",
            "name": "nix_cache",
            "server_id": 37899269,
            "size": 50
          },
          "sensitive_attributes": [],
          "private": "bnVsbA==",
          "dependencies": [
            "hcloud_server.nix_cache"
          ]
        }
      ]
    },
    {
      "module": "module.nix_cache_host_file",
      "mode": "managed",
      "type": "local_file",
      "name": "host",
      "provider": "provider[\"registry.terraform.io/hashicorp/local\"]",
      "instances": [
        {
          "schema_version": 0,
          "attributes": {
            "content": "{\"name\":\"nix-cache\",\"private_ipv4\":\"10.0.0.3\",\"public_ipv4\":\"\",\"public_ipv6\":\"\",\"volumes\":[{\"device\":\"/dev/disk/by-id/scsi-0HC_Volume_37738233\",\"name\":\"nix_cache\",\"size\":50}]}",
            "content_base64": null,
            "content_base64sha256": "gqLrsOoz23Avk8h7SbfIugfVrx6jnGUHBNV6Fk2HMHg=",
            "content_base64sha512": "st12VmuH8UtR0CI5hs37b8bfu6G0edR6La1qbqaW5iqwIaCH7+zuijonLr9j3Ael2IJBr57JsCCDUXvFx9JFhA==",
            "content_md5": "110c66b088cc0c493f19b5f32c41d6fb",
            "content_sha1": "27812772dd77eaf07952ca732d6a3f802b544490",
            "content_sha256": "82a2ebb0ea33db702f93c87b49b7c8ba07d5af1ea39c650704d57a164d873078",
            "content_sha512": "b2dd76566b87f14b51d0223986cdfb6fc6dfbba1b479d47a2dad6a6ea696e62ab021a087efecee8a3a272ebf63dc07a5d88241af9ec9b02083517bc5c7d24584",
            "directory_permission": "0777",
            "file_permission": "0777",
            "filename": "../../../..//machines/dev_core-servers_nix-cache.json",
            "id": "27812772dd77eaf07952ca732d6a3f802b544490",
            "sensitive_content": null,
            "source": null
          },
          "sensitive_attributes": [],
          "dependencies": [
            "hcloud_server.nix_cache",
            "hcloud_volume.nix_cache"
          ]
        }
      ]
    },
    {
      "module": "module.vault_host_file[0]",
      "mode": "managed",
      "type": "local_file",
      "name": "host",
      "provider": "provider[\"registry.terraform.io/hashicorp/local\"]",
      "instances": [
        {
          "schema_version": 0,
          "attributes": {
            "content": "{\"name\":\"vault-0\",\"private_ipv4\":\"10.0.0.4\",\"public_ipv4\":\"\",\"public_ipv6\":\"\",\"volumes\":[]}",
            "content_base64": null,
            "content_base64sha256": "t+NLB70c1PPIykEqxrJinKMl8TvDRusWDNLiNZNVsgM=",
            "content_base64sha512": "2Gp85TyT7Mp44zlwiPMyAyKwgESoQZL+Ck5DoKvJgPt6lq6dYZxK8jO8EVpxftW0JTccAG0rR7Fioj/2LA/qHA==",
            "content_md5": "4f2a8eefe44621f63dcb4f768c9382b4",
            "content_sha1": "4f0447045a0ef11a1c167f0317d70795e66b2461",
            "content_sha256": "b7e34b07bd1cd4f3c8ca412ac6b2629ca325f13bc346eb160cd2e2359355b203",
            "content_sha512": "d86a7ce53c93ecca78e3397088f3320322b08044a84192fe0a4e43a0abc980fb7a96ae9d619c4af233bc115a717ed5b425371c006d2b47b162a23ff62c0fea1c",
            "directory_permission": "0777",
            "file_permission": "0777",
            "filename": "../../../..//machines/dev_core-servers_vault-0.json",
            "id": "4f0447045a0ef11a1c167f0317d70795e66b2461",
            "sensitive_content": null,
            "source": null
          },
          "sensitive_attributes": [],
          "dependencies": [
            "hcloud_server.vault"
          ]
        }
      ]
    }
  ],
  "check_results": null
}
