{
  "version": 4,
  "terraform_version": "1.5.7",
  "serial": 109,
  "lineage": "a6964175-0fdd-065a-72c6-06f4496f4607",
  "outputs": {},
  "resources": [
    {
      "mode": "managed",
      "type": "hcloud_server",
      "name": "nix_cache",
      "provider": "provider[\"registry.terraform.io/hetznercloud/hcloud\"]",
      "instances": [
        {
          "schema_version": 0,
          "attributes": {
            "allow_deprecated_images": false,
            "backup_window": "",
            "backups": false,
            "datacenter": "hel1-dc2",
            "delete_protection": false,
            "firewall_ids": [],
            "id": "37908016",
            "ignore_remote_firewall_ids": false,
            "image": "debian-11",
            "ipv4_address": "",
            "ipv6_address": "",
            "ipv6_network": "\u003cnil\u003e",
            "iso": null,
            "keep_disk": false,
            "labels": null,
            "location": "hel1",
            "name": "nix-cache",
            "network": [
              {
                "alias_ips": [],
                "ip": "10.0.0.3",
                "mac_address": "86:00:00:5f:e7:6c",
                "network_id": 3421324
              }
            ],
            "placement_group_id": null,
            "public_net": [
              {
                "ipv4": 0,
                "ipv4_enabled": false,
                "ipv6": 0,
                "ipv6_enabled": false
              }
            ],
            "rebuild_protection": false,
            "rescue": null,
            "server_type": "cx41",
            "shutdown_before_deletion": false,
            "ssh_keys": [
              "15859823"
            ],
            "status": "running",
            "timeouts": null,
            "user_data": null
          },
          "sensitive_attributes": [],
          "private": "eyJlMmJmYjczMC1lY2FhLTExZTYtOGY4OC0zNDM2M2JjN2M0YzAiOnsiY3JlYXRlIjo1NDAwMDAwMDAwMDAwfX0="
        }
      ]
    },
    {
      "mode": "managed",
      "type": "hcloud_server",
      "name": "vault",
      "provider": "provider[\"registry.terraform.io/hetznercloud/hcloud\"]",
      "instances": [
        {
          "index_key": 0,
          "schema_version": 0,
          "attributes": {
            "allow_deprecated_images": false,
            "backup_window": "",
            "backups": false,
            "datacenter": "hel1-dc2",
            "delete_protection": false,
            "firewall_ids": [],
            "id": "37908015",
            "ignore_remote_firewall_ids": false,
            "image": "debian-11",
            "ipv4_address": "",
            "ipv6_address": "",
            "ipv6_network": "\u003cnil\u003e",
            "iso": null,
            "keep_disk": false,
            "labels": null,
            "location": "hel1",
            "name": "vault-0",
            "network": [
              {
                "alias_ips": [],
                "ip": "10.0.0.4",
                "mac_address": "86:00:00:5f:e7:6d",
                "network_id": 3421324
              }
            ],
            "placement_group_id": null,
            "public_net": [
              {
                "ipv4": 0,
                "ipv4_enabled": false,
                "ipv6": 0,
                "ipv6_enabled": false
              }
            ],
            "rebuild_protection": false,
            "rescue": null,
            "server_type": "cx41",
            "shutdown_before_deletion": false,
            "ssh_keys": [
              "15859823"
            ],
            "status": "running",
            "timeouts": null,
            "user_data": null
          },
          "sensitive_attributes": [],
          "private": "eyJlMmJmYjczMC1lY2FhLTExZTYtOGY4OC0zNDM2M2JjN2M0YzAiOnsiY3JlYXRlIjo1NDAwMDAwMDAwMDAwfX0="
        }
      ]
    },
    {
      "mode": "managed",
      "type": "hcloud_volume",
      "name": "nix_cache",
      "provider": "provider[\"registry.terraform.io/hetznercloud/hcloud\"]",
      "instances": [
        {
          "schema_version": 0,
          "attributes": {
            "automount": true,
            "delete_protection": false,
            "format": "ext4",
            "id": "37747709",
            "labels": null,
            "linux_device": "/dev/disk/by-id/scsi-0HC_Volume_37747709",
            "location": "hel1",
            "name": "nix_cache",
            "server_id": 37908016,
            "size": 50
          },
          "sensitive_attributes": [],
          "private": "bnVsbA==",
          "dependencies": [
            "hcloud_server.nix_cache"
          ]
        }
      ]
    },
    {
      "module": "module.nix_cache_host_file",
      "mode": "managed",
      "type": "local_file",
      "name": "host",
      "provider": "provider[\"registry.terraform.io/hashicorp/local\"]",
      "instances": [
        {
          "schema_version": 0,
          "attributes": {
            "content": "{\"id\":\"dev_core-servers_nix-cache\",\"name\":\"nix-cache\",\"private_ipv4\":\"10.0.0.3\",\"public_ipv4\":\"\",\"public_ipv6\":\"\",\"tags\":null,\"volumes\":[{\"device\":\"/dev/disk/by-id/scsi-0HC_Volume_37747709\",\"name\":\"nix_cache\",\"size\":50}]}",
            "content_base64": null,
            "content_base64sha256": "V1RvrMeGUSVjB3gC8n1dcisQb0r+WDa4ZQ4t5vwdqYY=",
            "content_base64sha512": "Ce4KvM0xTa7OyoAd4rIKD0hCghrQ0/YCHj8iRswIcEDF8nnDfPogj6nXwLs/kPktx/UBMb8qmZF8E2pJrAaaZQ==",
            "content_md5": "1ed77f56215d3609f7714d91d636623a",
            "content_sha1": "e1a8dded52dea1b9f16cf2fbabf33805799ac732",
            "content_sha256": "57546facc786512563077802f27d5d722b106f4afe5836b8650e2de6fc1da986",
            "content_sha512": "09ee0abccd314daececa801de2b20a0f4842821ad0d3f6021e3f2246cc087040c5f279c37cfa208fa9d7c0bb3f90f92dc7f50131bf2a99917c136a49ac069a65",
            "directory_permission": "0777",
            "file_permission": "0777",
            "filename": "../../../..//machines/dev_core-servers_nix-cache.json",
            "id": "e1a8dded52dea1b9f16cf2fbabf33805799ac732",
            "sensitive_content": null,
            "source": null
          },
          "sensitive_attributes": [],
          "dependencies": [
            "hcloud_server.nix_cache",
            "hcloud_volume.nix_cache"
          ]
        }
      ]
    },
    {
      "module": "module.vault_host_file[0]",
      "mode": "managed",
      "type": "local_file",
      "name": "host",
      "provider": "provider[\"registry.terraform.io/hashicorp/local\"]",
      "instances": [
        {
          "schema_version": 0,
          "attributes": {
            "content": "{\"id\":\"dev_core-servers_vault-0\",\"name\":\"vault-0\",\"private_ipv4\":\"10.0.0.4\",\"public_ipv4\":\"\",\"public_ipv6\":\"\",\"tags\":null,\"volumes\":[]}",
            "content_base64": null,
            "content_base64sha256": "vZ19J60+40HK1qamqqIPtd3dPbtC8KtBpryq6OJpBF0=",
            "content_base64sha512": "3BXobtZGDCXLCnnCrNLFaQDFc9x28XohaV/7ODuWMqHlkFW/3CFBdlZxAZ7KBNn9LpVzXbwU2GGxdLKs0uRRXA==",
            "content_md5": "b66a826c895ecc0a2450d39c2ac41db8",
            "content_sha1": "9404a0698688f872ecb9d61847ba3e3e1ce5c50b",
            "content_sha256": "bd9d7d27ad3ee341cad6a6a6aaa20fb5dddd3dbb42f0ab41a6bcaae8e269045d",
            "content_sha512": "dc15e86ed6460c25cb0a79c2acd2c56900c573dc76f17a21695ffb383b9632a1e59055bfdc2141765671019eca04d9fd2e95735dbc14d861b174b2acd2e4515c",
            "directory_permission": "0777",
            "file_permission": "0777",
            "filename": "../../../..//machines/dev_core-servers_vault-0.json",
            "id": "9404a0698688f872ecb9d61847ba3e3e1ce5c50b",
            "sensitive_content": null,
            "source": null
          },
          "sensitive_attributes": [],
          "dependencies": [
            "hcloud_server.vault"
          ]
        }
      ]
    }
  ],
  "check_results": null
}
