{
  "version": 4,
  "terraform_version": "1.5.7",
  "serial": 29,
  "lineage": "a6964175-0fdd-065a-72c6-06f4496f4607",
  "outputs": {},
  "resources": [
    {
      "mode": "managed",
      "type": "hcloud_server",
      "name": "nix_cache",
      "provider": "provider[\"registry.terraform.io/hetznercloud/hcloud\"]",
      "instances": [
        {
          "schema_version": 0,
          "attributes": {
            "allow_deprecated_images": false,
            "backup_window": "",
            "backups": false,
            "datacenter": "hel1-dc2",
            "delete_protection": false,
            "firewall_ids": [],
            "id": "37891010",
            "ignore_remote_firewall_ids": false,
            "image": "debian-11",
            "ipv4_address": "",
            "ipv6_address": "",
            "ipv6_network": "\u003cnil\u003e",
            "iso": null,
            "keep_disk": false,
            "labels": {},
            "location": "hel1",
            "name": "nix-cache",
            "network": [
              {
                "alias_ips": [],
                "ip": "10.0.0.3",
                "mac_address": "86:00:00:5f:ce:bf",
                "network_id": 3419719
              }
            ],
            "placement_group_id": null,
            "public_net": [
              {
                "ipv4": 0,
                "ipv4_enabled": false,
                "ipv6": 0,
                "ipv6_enabled": false
              }
            ],
            "rebuild_protection": false,
            "rescue": null,
            "server_type": "cx41",
            "shutdown_before_deletion": false,
            "ssh_keys": null,
            "status": "running",
            "timeouts": null,
            "user_data": null
          },
          "sensitive_attributes": [],
          "private": "eyJlMmJmYjczMC1lY2FhLTExZTYtOGY4OC0zNDM2M2JjN2M0YzAiOnsiY3JlYXRlIjo1NDAwMDAwMDAwMDAwfX0="
        }
      ]
    },
    {
      "mode": "managed",
      "type": "hcloud_server",
      "name": "vault",
      "provider": "provider[\"registry.terraform.io/hetznercloud/hcloud\"]",
      "instances": [
        {
          "index_key": 0,
          "schema_version": 0,
          "attributes": {
            "allow_deprecated_images": false,
            "backup_window": "",
            "backups": false,
            "datacenter": "hel1-dc2",
            "delete_protection": false,
            "firewall_ids": [],
            "id": "37891720",
            "ignore_remote_firewall_ids": false,
            "image": "debian-11",
            "ipv4_address": "",
            "ipv6_address": "",
            "ipv6_network": "\u003cnil\u003e",
            "iso": null,
            "keep_disk": false,
            "labels": {},
            "location": "hel1",
            "name": "vault-0",
            "network": [
              {
                "alias_ips": [],
                "ip": "10.0.0.4",
                "mac_address": "86:00:00:5f:cf:61",
                "network_id": 3419719
              }
            ],
            "placement_group_id": null,
            "public_net": [
              {
                "ipv4": 0,
                "ipv4_enabled": false,
                "ipv6": 0,
                "ipv6_enabled": false
              }
            ],
            "rebuild_protection": false,
            "rescue": null,
            "server_type": "cx41",
            "shutdown_before_deletion": false,
            "ssh_keys": null,
            "status": "running",
            "timeouts": null,
            "user_data": null
          },
          "sensitive_attributes": [],
          "private": "eyJlMmJmYjczMC1lY2FhLTExZTYtOGY4OC0zNDM2M2JjN2M0YzAiOnsiY3JlYXRlIjo1NDAwMDAwMDAwMDAwfX0="
        },
        {
          "index_key": 1,
          "schema_version": 0,
          "attributes": {
            "allow_deprecated_images": false,
            "backup_window": "",
            "backups": false,
            "datacenter": "hel1-dc2",
            "delete_protection": false,
            "firewall_ids": [],
            "id": "37891721",
            "ignore_remote_firewall_ids": false,
            "image": "debian-11",
            "ipv4_address": "",
            "ipv6_address": "",
            "ipv6_network": "\u003cnil\u003e",
            "iso": null,
            "keep_disk": false,
            "labels": {},
            "location": "hel1",
            "name": "vault-1",
            "network": [
              {
                "alias_ips": [],
                "ip": "10.0.0.5",
                "mac_address": "86:00:00:5f:cf:62",
                "network_id": 3419719
              }
            ],
            "placement_group_id": null,
            "public_net": [
              {
                "ipv4": 0,
                "ipv4_enabled": false,
                "ipv6": 0,
                "ipv6_enabled": false
              }
            ],
            "rebuild_protection": false,
            "rescue": null,
            "server_type": "cx41",
            "shutdown_before_deletion": false,
            "ssh_keys": null,
            "status": "running",
            "timeouts": null,
            "user_data": null
          },
          "sensitive_attributes": [],
          "private": "eyJlMmJmYjczMC1lY2FhLTExZTYtOGY4OC0zNDM2M2JjN2M0YzAiOnsiY3JlYXRlIjo1NDAwMDAwMDAwMDAwfX0="
        },
        {
          "index_key": 2,
          "schema_version": 0,
          "attributes": {
            "allow_deprecated_images": false,
            "backup_window": "",
            "backups": false,
            "datacenter": "hel1-dc2",
            "delete_protection": false,
            "firewall_ids": [],
            "id": "37891722",
            "ignore_remote_firewall_ids": false,
            "image": "debian-11",
            "ipv4_address": "",
            "ipv6_address": "",
            "ipv6_network": "\u003cnil\u003e",
            "iso": null,
            "keep_disk": false,
            "labels": {},
            "location": "hel1",
            "name": "vault-2",
            "network": [
              {
                "alias_ips": [],
                "ip": "10.0.0.6",
                "mac_address": "86:00:00:5f:cf:63",
                "network_id": 3419719
              }
            ],
            "placement_group_id": null,
            "public_net": [
              {
                "ipv4": 0,
                "ipv4_enabled": false,
                "ipv6": 0,
                "ipv6_enabled": false
              }
            ],
            "rebuild_protection": false,
            "rescue": null,
            "server_type": "cx41",
            "shutdown_before_deletion": false,
            "ssh_keys": null,
            "status": "running",
            "timeouts": null,
            "user_data": null
          },
          "sensitive_attributes": [],
          "private": "eyJlMmJmYjczMC1lY2FhLTExZTYtOGY4OC0zNDM2M2JjN2M0YzAiOnsiY3JlYXRlIjo1NDAwMDAwMDAwMDAwfX0="
        }
      ]
    },
    {
      "mode": "managed",
      "type": "hcloud_volume",
      "name": "nix_cache",
      "provider": "provider[\"registry.terraform.io/hetznercloud/hcloud\"]",
      "instances": [
        {
          "schema_version": 0,
          "attributes": {
            "automount": true,
            "delete_protection": false,
            "format": "ext4",
            "id": "37729579",
            "labels": {},
            "linux_device": "/dev/disk/by-id/scsi-0HC_Volume_37729579",
            "location": "hel1",
            "name": "nix_cache",
            "server_id": 37891010,
            "size": 50
          },
          "sensitive_attributes": [],
          "private": "bnVsbA==",
          "dependencies": [
            "hcloud_server.nix_cache"
          ]
        }
      ]
    },
    {
      "module": "module.nix_cache_host_file",
      "mode": "managed",
      "type": "local_file",
      "name": "host",
      "provider": "provider[\"registry.terraform.io/hashicorp/local\"]",
      "instances": [
        {
          "schema_version": 0,
          "attributes": {
            "content": "{\"name\":\"nix-cache\",\"private_ipv4\":\"10.0.0.3\",\"public_ipv6\":\"\",\"volumes\":[{\"device\":\"/dev/disk/by-id/scsi-0HC_Volume_37729579\",\"name\":\"nix_cache\",\"size\":50}]}",
            "content_base64": null,
            "content_base64sha256": "igufu5bo+5eNrgOR8zUgsRwNXmB4CsLzt/nATSmLwhI=",
            "content_base64sha512": "kJ+5YrWlAGjR12Gv5QSNGeOlwiu5DM85ooL6cIZu3fsWugHX1uMZthoa6Dd4Mq70Zj99hKFQU6OAdfQSvAuDTg==",
            "content_md5": "02f0bf5fdc38e310d057169d74f14588",
            "content_sha1": "f380e96c4288a669e51bccb31b801bdee0b255e3",
            "content_sha256": "8a0b9fbb96e8fb978dae0391f33520b11c0d5e60780ac2f3b7f9c04d298bc212",
            "content_sha512": "909fb962b5a50068d1d761afe5048d19e3a5c22bb90ccf39a282fa70866eddfb16ba01d7d6e319b61a1ae8377832aef4663f7d84a15053a38075f412bc0b834e",
            "directory_permission": "0777",
            "file_permission": "0777",
            "filename": "../../../..//machines/dev/core-servers/nix-cache.json",
            "id": "f380e96c4288a669e51bccb31b801bdee0b255e3",
            "sensitive_content": null,
            "source": null
          },
          "sensitive_attributes": [],
          "dependencies": [
            "hcloud_server.nix_cache",
            "hcloud_volume.nix_cache"
          ]
        }
      ]
    },
    {
      "module": "module.vault_host_file[0]",
      "mode": "managed",
      "type": "local_file",
      "name": "host",
      "provider": "provider[\"registry.terraform.io/hashicorp/local\"]",
      "instances": [
        {
          "schema_version": 0,
          "attributes": {
            "content": "{\"name\":\"vault-0\",\"private_ipv4\":\"10.0.0.4\",\"public_ipv6\":\"\",\"volumes\":[]}",
            "content_base64": null,
            "content_base64sha256": "ABe9MYdNO/AsXBG1ly0uOJxrk39YjrqaC4big1CFLCg=",
            "content_base64sha512": "aaCt7cSxaWbSgTBBfxzvCNQHYksmK57601NVjFCRWLNj5NgrLWyH/ggDLnbE6LXzSprt66b5+/m8iJFopEuEgw==",
            "content_md5": "b7d0961fbf3e84ef2ad4318f7c1b6aef",
            "content_sha1": "4335d553c503873947022ad136a1f443f16de28c",
            "content_sha256": "0017bd31874d3bf02c5c11b5972d2e389c6b937f588eba9a0b86e28350852c28",
            "content_sha512": "69a0adedc4b16966d28130417f1cef08d407624b262b9efad353558c509158b363e4d82b2d6c87fe08032e76c4e8b5f34a9aedeba6f9fbf9bc889168a44b8483",
            "directory_permission": "0777",
            "file_permission": "0777",
            "filename": "../../../..//machines/dev/core-servers/vault-0.json",
            "id": "4335d553c503873947022ad136a1f443f16de28c",
            "sensitive_content": null,
            "source": null
          },
          "sensitive_attributes": [],
          "dependencies": [
            "hcloud_server.vault"
          ]
        }
      ]
    },
    {
      "module": "module.vault_host_file[1]",
      "mode": "managed",
      "type": "local_file",
      "name": "host",
      "provider": "provider[\"registry.terraform.io/hashicorp/local\"]",
      "instances": [
        {
          "schema_version": 0,
          "attributes": {
            "content": "{\"name\":\"vault-1\",\"private_ipv4\":\"10.0.0.5\",\"public_ipv6\":\"\",\"volumes\":[]}",
            "content_base64": null,
            "content_base64sha256": "8AfOy7G/mx3dkjuDLfM3a/KZ3R717NaDkEDRzTmXThY=",
            "content_base64sha512": "POArn7qpA8IDiWj7nPt2ichv112XOgL8HcQr70kUWuzFcLfGIdc1IuuK5RNKx662z8MHDqSVX0aqHL5nOOmzIw==",
            "content_md5": "df3b4d7e4ef74c7dd185e2c27312643a",
            "content_sha1": "e30866aaa703a7cebb6434d6df89c840f06b4ea3",
            "content_sha256": "f007cecbb1bf9b1ddd923b832df3376bf299dd1ef5ecd6839040d1cd39974e16",
            "content_sha512": "3ce02b9fbaa903c2038968fb9cfb7689c86fd75d973a02fc1dc42bef49145aecc570b7c621d73522eb8ae5134ac7aeb6cfc3070ea4955f46aa1cbe6738e9b323",
            "directory_permission": "0777",
            "file_permission": "0777",
            "filename": "../../../..//machines/dev/core-servers/vault-1.json",
            "id": "e30866aaa703a7cebb6434d6df89c840f06b4ea3",
            "sensitive_content": null,
            "source": null
          },
          "sensitive_attributes": [],
          "dependencies": [
            "hcloud_server.vault"
          ]
        }
      ]
    },
    {
      "module": "module.vault_host_file[2]",
      "mode": "managed",
      "type": "local_file",
      "name": "host",
      "provider": "provider[\"registry.terraform.io/hashicorp/local\"]",
      "instances": [
        {
          "schema_version": 0,
          "attributes": {
            "content": "{\"name\":\"vault-2\",\"private_ipv4\":\"10.0.0.6\",\"public_ipv6\":\"\",\"volumes\":[]}",
            "content_base64": null,
            "content_base64sha256": "BPO0Y9w1KgL8qOrsdwbv58gP3/9iCWJnQOX20dSFbA0=",
            "content_base64sha512": "KmuwNg5BX5de3jlNcAFQEA5M2OqUPx3QJpj4HG/hFFyx8N0ERNX5FXoBdgQW7OTd4cj5FCx5vakgpldR1f6lzg==",
            "content_md5": "86bdbf9cbaf877941faf1f5d032114e4",
            "content_sha1": "b63d702f6c3c52fc000e1ca12465cb2639b98a1f",
            "content_sha256": "04f3b463dc352a02fca8eaec7706efe7c80fdfff6209626740e5f6d1d4856c0d",
            "content_sha512": "2a6bb0360e415f975ede394d700150100e4cd8ea943f1dd02698f81c6fe1145cb1f0dd0444d5f9157a01760416ece4dde1c8f9142c79bda920a65751d5fea5ce",
            "directory_permission": "0777",
            "file_permission": "0777",
            "filename": "../../../..//machines/dev/core-servers/vault-2.json",
            "id": "b63d702f6c3c52fc000e1ca12465cb2639b98a1f",
            "sensitive_content": null,
            "source": null
          },
          "sensitive_attributes": [],
          "dependencies": [
            "hcloud_server.vault"
          ]
        }
      ]
    }
  ],
  "check_results": null
}
