{
  "version": 4,
  "terraform_version": "1.5.7",
  "serial": 59,
  "lineage": "a6964175-0fdd-065a-72c6-06f4496f4607",
  "outputs": {},
  "resources": [
    {
      "mode": "managed",
      "type": "hcloud_server",
      "name": "nix_cache",
      "provider": "provider[\"registry.terraform.io/hetznercloud/hcloud\"]",
      "instances": [
        {
          "schema_version": 0,
          "attributes": {
            "allow_deprecated_images": false,
            "backup_window": "",
            "backups": false,
            "datacenter": "hel1-dc2",
            "delete_protection": false,
            "firewall_ids": [],
            "id": "37893358",
            "ignore_remote_firewall_ids": false,
            "image": "debian-11",
            "ipv4_address": "",
            "ipv6_address": "",
            "ipv6_network": "\u003cnil\u003e",
            "iso": null,
            "keep_disk": false,
            "labels": null,
            "location": "hel1",
            "name": "nix-cache",
            "network": [
              {
                "alias_ips": [],
                "ip": "10.0.0.4",
                "mac_address": "86:00:00:5f:d1:06",
                "network_id": 3419822
              }
            ],
            "placement_group_id": null,
            "public_net": [
              {
                "ipv4": 0,
                "ipv4_enabled": false,
                "ipv6": 0,
                "ipv6_enabled": false
              }
            ],
            "rebuild_protection": false,
            "rescue": null,
            "server_type": "cx41",
            "shutdown_before_deletion": false,
            "ssh_keys": [
              "15859823"
            ],
            "status": "running",
            "timeouts": null,
            "user_data": null
          },
          "sensitive_attributes": [],
          "private": "eyJlMmJmYjczMC1lY2FhLTExZTYtOGY4OC0zNDM2M2JjN2M0YzAiOnsiY3JlYXRlIjo1NDAwMDAwMDAwMDAwfX0="
        }
      ]
    },
    {
      "mode": "managed",
      "type": "hcloud_server",
      "name": "vault",
      "provider": "provider[\"registry.terraform.io/hetznercloud/hcloud\"]",
      "instances": [
        {
          "index_key": 0,
          "schema_version": 0,
          "attributes": {
            "allow_deprecated_images": false,
            "backup_window": "",
            "backups": false,
            "datacenter": "hel1-dc2",
            "delete_protection": false,
            "firewall_ids": [],
            "id": "37893356",
            "ignore_remote_firewall_ids": false,
            "image": "debian-11",
            "ipv4_address": "",
            "ipv6_address": "",
            "ipv6_network": "\u003cnil\u003e",
            "iso": null,
            "keep_disk": false,
            "labels": null,
            "location": "hel1",
            "name": "vault-0",
            "network": [
              {
                "alias_ips": [],
                "ip": "10.0.0.3",
                "mac_address": "86:00:00:5f:d1:05",
                "network_id": 3419822
              }
            ],
            "placement_group_id": null,
            "public_net": [
              {
                "ipv4": 0,
                "ipv4_enabled": false,
                "ipv6": 0,
                "ipv6_enabled": false
              }
            ],
            "rebuild_protection": false,
            "rescue": null,
            "server_type": "cx41",
            "shutdown_before_deletion": false,
            "ssh_keys": [
              "15859823"
            ],
            "status": "running",
            "timeouts": null,
            "user_data": null
          },
          "sensitive_attributes": [],
          "private": "eyJlMmJmYjczMC1lY2FhLTExZTYtOGY4OC0zNDM2M2JjN2M0YzAiOnsiY3JlYXRlIjo1NDAwMDAwMDAwMDAwfX0="
        },
        {
          "index_key": 1,
          "schema_version": 0,
          "attributes": {
            "allow_deprecated_images": false,
            "backup_window": "",
            "backups": false,
            "datacenter": "hel1-dc2",
            "delete_protection": false,
            "firewall_ids": [],
            "id": "37893360",
            "ignore_remote_firewall_ids": false,
            "image": "debian-11",
            "ipv4_address": "",
            "ipv6_address": "",
            "ipv6_network": "\u003cnil\u003e",
            "iso": null,
            "keep_disk": false,
            "labels": null,
            "location": "hel1",
            "name": "vault-1",
            "network": [
              {
                "alias_ips": [],
                "ip": "10.0.0.6",
                "mac_address": "86:00:00:5f:d1:08",
                "network_id": 3419822
              }
            ],
            "placement_group_id": null,
            "public_net": [
              {
                "ipv4": 0,
                "ipv4_enabled": false,
                "ipv6": 0,
                "ipv6_enabled": false
              }
            ],
            "rebuild_protection": false,
            "rescue": null,
            "server_type": "cx41",
            "shutdown_before_deletion": false,
            "ssh_keys": [
              "15859823"
            ],
            "status": "running",
            "timeouts": null,
            "user_data": null
          },
          "sensitive_attributes": [],
          "private": "eyJlMmJmYjczMC1lY2FhLTExZTYtOGY4OC0zNDM2M2JjN2M0YzAiOnsiY3JlYXRlIjo1NDAwMDAwMDAwMDAwfX0="
        },
        {
          "index_key": 2,
          "schema_version": 0,
          "attributes": {
            "allow_deprecated_images": false,
            "backup_window": "",
            "backups": false,
            "datacenter": "hel1-dc2",
            "delete_protection": false,
            "firewall_ids": [],
            "id": "37893359",
            "ignore_remote_firewall_ids": false,
            "image": "debian-11",
            "ipv4_address": "",
            "ipv6_address": "",
            "ipv6_network": "\u003cnil\u003e",
            "iso": null,
            "keep_disk": false,
            "labels": null,
            "location": "hel1",
            "name": "vault-2",
            "network": [
              {
                "alias_ips": [],
                "ip": "10.0.0.5",
                "mac_address": "86:00:00:5f:d1:07",
                "network_id": 3419822
              }
            ],
            "placement_group_id": null,
            "public_net": [
              {
                "ipv4": 0,
                "ipv4_enabled": false,
                "ipv6": 0,
                "ipv6_enabled": false
              }
            ],
            "rebuild_protection": false,
            "rescue": null,
            "server_type": "cx41",
            "shutdown_before_deletion": false,
            "ssh_keys": [
              "15859823"
            ],
            "status": "running",
            "timeouts": null,
            "user_data": null
          },
          "sensitive_attributes": [],
          "private": "eyJlMmJmYjczMC1lY2FhLTExZTYtOGY4OC0zNDM2M2JjN2M0YzAiOnsiY3JlYXRlIjo1NDAwMDAwMDAwMDAwfX0="
        }
      ]
    },
    {
      "mode": "managed",
      "type": "hcloud_volume",
      "name": "nix_cache",
      "provider": "provider[\"registry.terraform.io/hetznercloud/hcloud\"]",
      "instances": [
        {
          "schema_version": 0,
          "attributes": {
            "automount": true,
            "delete_protection": false,
            "format": "ext4",
            "id": "37731817",
            "labels": {},
            "linux_device": "/dev/disk/by-id/scsi-0HC_Volume_37731817",
            "location": "hel1",
            "name": "nix_cache",
            "server_id": 37893358,
            "size": 50
          },
          "sensitive_attributes": [],
          "private": "bnVsbA==",
          "dependencies": [
            "hcloud_server.nix_cache"
          ]
        }
      ]
    },
    {
      "module": "module.nix_cache_host_file",
      "mode": "managed",
      "type": "local_file",
      "name": "host",
      "provider": "provider[\"registry.terraform.io/hashicorp/local\"]",
      "instances": [
        {
          "schema_version": 0,
          "attributes": {
            "content": "{\"name\":\"nix-cache\",\"private_ipv4\":\"10.0.0.4\",\"public_ipv4\":\"\",\"public_ipv6\":\"\",\"volumes\":[{\"device\":\"/dev/disk/by-id/scsi-0HC_Volume_37731817\",\"name\":\"nix_cache\",\"size\":50}]}",
            "content_base64": null,
            "content_base64sha256": "WqS3pbFZ11EzDt6LCPEtPhjizX6XyzpFIUEQERJ07Do=",
            "content_base64sha512": "kTjAmmFiYma+6dsVHONhDsNo29cxJuuvJSyGSpHDh/2kbMzH6aSLKE9OEd2N27+EYGDPaLNyrtrGDkR5qwuviA==",
            "content_md5": "fffd21789a9c86f6d6ea0cf4b4c99685",
            "content_sha1": "39e0eedaefce48c294c66b83a177d3710c23a157",
            "content_sha256": "5aa4b7a5b159d751330ede8b08f12d3e18e2cd7e97cb3a45214110111274ec3a",
            "content_sha512": "9138c09a61626266bee9db151ce3610ec368dbd73126ebaf252c864a91c387fda46cccc7e9a48b284f4e11dd8ddbbf846060cf68b372aedac60e4479ab0baf88",
            "directory_permission": "0777",
            "file_permission": "0777",
            "filename": "../../../..//machines/dev/core-servers/nix-cache.json",
            "id": "39e0eedaefce48c294c66b83a177d3710c23a157",
            "sensitive_content": null,
            "source": null
          },
          "sensitive_attributes": [],
          "dependencies": [
            "hcloud_server.nix_cache",
            "hcloud_volume.nix_cache"
          ]
        }
      ]
    },
    {
      "module": "module.vault_host_file[0]",
      "mode": "managed",
      "type": "local_file",
      "name": "host",
      "provider": "provider[\"registry.terraform.io/hashicorp/local\"]",
      "instances": [
        {
          "schema_version": 0,
          "attributes": {
            "content": "{\"name\":\"vault-0\",\"private_ipv4\":\"10.0.0.3\",\"public_ipv4\":\"\",\"public_ipv6\":\"\",\"volumes\":[]}",
            "content_base64": null,
            "content_base64sha256": "fOjcEDGzWiK0WAQbAFnREnkgoLWpyuJjjFyPwfLqIcg=",
            "content_base64sha512": "A4XquIhqIWfy+KRxkTwSYLSw4r5L8bZhdm6KC52QibC/KYV8VS0/DjMGt1BaauFqUkNg2TiK7AYAo9aVAzvZcw==",
            "content_md5": "9dd43a2f7c73f20c1bb1abc2bd5f9e80",
            "content_sha1": "555df31c5479eed800140d65d0f9936ee21ca99d",
            "content_sha256": "7ce8dc1031b35a22b458041b0059d1127920a0b5a9cae2638c5c8fc1f2ea21c8",
            "content_sha512": "0385eab8886a2167f2f8a471913c1260b4b0e2be4bf1b661766e8a0b9d9089b0bf29857c552d3f0e3306b7505a6ae16a524360d9388aec0600a3d695033bd973",
            "directory_permission": "0777",
            "file_permission": "0777",
            "filename": "../../../..//machines/dev/core-servers/vault-0.json",
            "id": "555df31c5479eed800140d65d0f9936ee21ca99d",
            "sensitive_content": null,
            "source": null
          },
          "sensitive_attributes": [],
          "dependencies": [
            "hcloud_server.vault"
          ]
        }
      ]
    },
    {
      "module": "module.vault_host_file[1]",
      "mode": "managed",
      "type": "local_file",
      "name": "host",
      "provider": "provider[\"registry.terraform.io/hashicorp/local\"]",
      "instances": [
        {
          "schema_version": 0,
          "attributes": {
            "content": "{\"name\":\"vault-1\",\"private_ipv4\":\"10.0.0.6\",\"public_ipv4\":\"\",\"public_ipv6\":\"\",\"volumes\":[]}",
            "content_base64": null,
            "content_base64sha256": "JQvrH9axcAvGNUj2SmHfO9u7/Xc4r/ZSKUiy46Jztnc=",
            "content_base64sha512": "oD3H+P45Ubyg5SWveDXeo4FgiSK8u6xmbe8jVmyoGxkunOjbDmTY7C3oyPexDZGZSxEC14ef6jKUWdGYnipXbQ==",
            "content_md5": "24ead8dd9fe941536fe10be22539d891",
            "content_sha1": "80ea795cf5cf2300f910b139010ac6a39b4cf210",
            "content_sha256": "250beb1fd6b1700bc63548f64a61df3bdbbbfd7738aff6522948b2e3a273b677",
            "content_sha512": "a03dc7f8fe3951bca0e525af7835dea381608922bcbbac666def23566ca81b192e9ce8db0e64d8ec2de8c8f7b10d91994b1102d7879fea329459d1989e2a576d",
            "directory_permission": "0777",
            "file_permission": "0777",
            "filename": "../../../..//machines/dev/core-servers/vault-1.json",
            "id": "80ea795cf5cf2300f910b139010ac6a39b4cf210",
            "sensitive_content": null,
            "source": null
          },
          "sensitive_attributes": [],
          "dependencies": [
            "hcloud_server.vault"
          ]
        }
      ]
    },
    {
      "module": "module.vault_host_file[2]",
      "mode": "managed",
      "type": "local_file",
      "name": "host",
      "provider": "provider[\"registry.terraform.io/hashicorp/local\"]",
      "instances": [
        {
          "schema_version": 0,
          "attributes": {
            "content": "{\"name\":\"vault-2\",\"private_ipv4\":\"10.0.0.5\",\"public_ipv4\":\"\",\"public_ipv6\":\"\",\"volumes\":[]}",
            "content_base64": null,
            "content_base64sha256": "3SZ9oV71LEPh8HwNC3HO7PDmGOEXw60u8Q/WGX/KnUQ=",
            "content_base64sha512": "KxCAKSq9cx1/WiIJfryEnu3zyEdg6jnbLhuxuZO4vVcvI1IumlxlxHkDm9ZrEBYFe2H/zsX33DldRtfF6YoKwA==",
            "content_md5": "9bd787941b500bf28491218524cd2ce8",
            "content_sha1": "4d6de2ae6a768d8512b21c91b124844af58a180e",
            "content_sha256": "dd267da15ef52c43e1f07c0d0b71ceecf0e618e117c3ad2ef10fd6197fca9d44",
            "content_sha512": "2b1080292abd731d7f5a22097ebc849eedf3c84760ea39db2e1bb1b993b8bd572f23522e9a5c65c479039bd66b1016057b61ffcec5f7dc395d46d7c5e98a0ac0",
            "directory_permission": "0777",
            "file_permission": "0777",
            "filename": "../../../..//machines/dev/core-servers/vault-2.json",
            "id": "4d6de2ae6a768d8512b21c91b124844af58a180e",
            "sensitive_content": null,
            "source": null
          },
          "sensitive_attributes": [],
          "dependencies": [
            "hcloud_server.vault"
          ]
        }
      ]
    }
  ],
  "check_results": null
}
