{
  "version": 4,
  "terraform_version": "1.5.7",
  "serial": 177,
  "lineage": "a6964175-0fdd-065a-72c6-06f4496f4607",
  "outputs": {},
  "resources": [
    {
      "mode": "managed",
      "type": "hcloud_server",
      "name": "nix_cache",
      "provider": "provider[\"registry.terraform.io/hetznercloud/hcloud\"]",
      "instances": [
        {
          "schema_version": 0,
          "attributes": {
            "allow_deprecated_images": false,
            "backup_window": "",
            "backups": false,
            "datacenter": "hel1-dc2",
            "delete_protection": false,
            "firewall_ids": [],
            "id": "37917635",
            "ignore_remote_firewall_ids": false,
            "image": "debian-11",
            "ipv4_address": "",
            "ipv6_address": "",
            "ipv6_network": "\u003cnil\u003e",
            "iso": null,
            "keep_disk": false,
            "labels": {
              "role": "cache"
            },
            "location": "hel1",
            "name": "nix-cache",
            "network": [
              {
                "alias_ips": [],
                "ip": "10.0.0.3",
                "mac_address": "86:00:00:5f:f3:8d",
                "network_id": 3421901
              }
            ],
            "placement_group_id": null,
            "public_net": [
              {
                "ipv4": 0,
                "ipv4_enabled": false,
                "ipv6": 0,
                "ipv6_enabled": false
              }
            ],
            "rebuild_protection": false,
            "rescue": null,
            "server_type": "cx41",
            "shutdown_before_deletion": false,
            "ssh_keys": [
              "15859823"
            ],
            "status": "running",
            "timeouts": null,
            "user_data": "WLpqD0nA14gc/Ap3Hvfra0u1lmk="
          },
          "sensitive_attributes": [],
          "private": "eyJlMmJmYjczMC1lY2FhLTExZTYtOGY4OC0zNDM2M2JjN2M0YzAiOnsiY3JlYXRlIjo1NDAwMDAwMDAwMDAwfX0="
        }
      ]
    },
    {
      "mode": "managed",
      "type": "hcloud_server",
      "name": "vault",
      "provider": "provider[\"registry.terraform.io/hetznercloud/hcloud\"]",
      "instances": [
        {
          "index_key": 0,
          "schema_version": 0,
          "attributes": {
            "allow_deprecated_images": false,
            "backup_window": "",
            "backups": false,
            "datacenter": "hel1-dc2",
            "delete_protection": false,
            "firewall_ids": [],
            "id": "37917636",
            "ignore_remote_firewall_ids": false,
            "image": "debian-11",
            "ipv4_address": "",
            "ipv6_address": "",
            "ipv6_network": "\u003cnil\u003e",
            "iso": null,
            "keep_disk": false,
            "labels": {
              "role": "vault"
            },
            "location": "hel1",
            "name": "vault-0",
            "network": [
              {
                "alias_ips": [],
                "ip": "10.0.0.4",
                "mac_address": "86:00:00:5f:f3:8e",
                "network_id": 3421901
              }
            ],
            "placement_group_id": null,
            "public_net": [
              {
                "ipv4": 0,
                "ipv4_enabled": false,
                "ipv6": 0,
                "ipv6_enabled": false
              }
            ],
            "rebuild_protection": false,
            "rescue": null,
            "server_type": "cx41",
            "shutdown_before_deletion": false,
            "ssh_keys": [
              "15859823"
            ],
            "status": "running",
            "timeouts": null,
            "user_data": "WLpqD0nA14gc/Ap3Hvfra0u1lmk="
          },
          "sensitive_attributes": [],
          "private": "eyJlMmJmYjczMC1lY2FhLTExZTYtOGY4OC0zNDM2M2JjN2M0YzAiOnsiY3JlYXRlIjo1NDAwMDAwMDAwMDAwfX0="
        }
      ]
    },
    {
      "mode": "managed",
      "type": "hcloud_volume",
      "name": "nix_cache",
      "provider": "provider[\"registry.terraform.io/hetznercloud/hcloud\"]",
      "instances": [
        {
          "schema_version": 0,
          "attributes": {
            "automount": true,
            "delete_protection": false,
            "format": "ext4",
            "id": "37758220",
            "labels": null,
            "linux_device": "/dev/disk/by-id/scsi-0HC_Volume_37758220",
            "location": "hel1",
            "name": "nix_cache",
            "server_id": 37917635,
            "size": 50
          },
          "sensitive_attributes": [],
          "private": "bnVsbA==",
          "dependencies": [
            "hcloud_server.nix_cache"
          ]
        }
      ]
    },
    {
      "module": "module.nix_cache_host_file",
      "mode": "managed",
      "type": "local_file",
      "name": "host",
      "provider": "provider[\"registry.terraform.io/hashicorp/local\"]",
      "instances": [
        {
          "schema_version": 0,
          "attributes": {
            "content": "{\"id\":\"dev_core_nix-cache\",\"name\":\"nix-cache\",\"private_ipv4\":\"10.0.0.3\",\"public_ipv4\":\"\",\"public_ipv6\":\"\",\"tags\":{\"role\":\"cache\"},\"volumes\":[{\"device\":\"/dev/disk/by-id/scsi-0HC_Volume_37758220\",\"name\":\"nix_cache\",\"size\":50}]}",
            "content_base64": null,
            "content_base64sha256": "JSGOSxhFMBH+KNcgyimqVJ95Z8rszFn63lcsUU2WA6I=",
            "content_base64sha512": "AANyQT2PykZB8Ihx2VT+c5JjAjdDCAlhS/l3x3xkZZxG01AXf3gn5c2LYwDQbhxKU4k1h/Akop2pFLXzq+CplA==",
            "content_md5": "bcd3a2feb11817cc373936e3e15476f6",
            "content_sha1": "b999e9f3af19ca6f5de0b7d367090bc4a6c0d6a3",
            "content_sha256": "25218e4b18453011fe28d720ca29aa549f7967caeccc59fade572c514d9603a2",
            "content_sha512": "000372413d8fca4641f08871d954fe7392630237430809614bf977c77c64659c46d350177f7827e5cd8b6300d06e1c4a53893587f024a29da914b5f3abe0a994",
            "directory_permission": "0777",
            "file_permission": "0777",
            "filename": "../../../..//machines/dev_core_nix-cache.json",
            "id": "b999e9f3af19ca6f5de0b7d367090bc4a6c0d6a3",
            "sensitive_content": null,
            "source": null
          },
          "sensitive_attributes": [],
          "dependencies": [
            "hcloud_server.nix_cache",
            "hcloud_volume.nix_cache"
          ]
        }
      ]
    },
    {
      "module": "module.vault_host_file[0]",
      "mode": "managed",
      "type": "local_file",
      "name": "host",
      "provider": "provider[\"registry.terraform.io/hashicorp/local\"]",
      "instances": [
        {
          "schema_version": 0,
          "attributes": {
            "content": "{\"id\":\"dev_core_vault-0\",\"name\":\"vault-0\",\"private_ipv4\":\"10.0.0.4\",\"public_ipv4\":\"\",\"public_ipv6\":\"\",\"tags\":{\"role\":\"vault\"},\"volumes\":[]}",
            "content_base64": null,
            "content_base64sha256": "T/dCI8VgNI99o4HvwYWI0JffkPs2C2Ol7KxsUidG2gc=",
            "content_base64sha512": "Z8bd06ig1PTmWIIOg5lyfniM88Iro9sSYc03DjDPlTlNmDq+BZfOLPat+ZNTrS06qR25UCSQp7RSbVLrWt69Jg==",
            "content_md5": "a613cd9e229bc3dc1f75eed8ea6c95f2",
            "content_sha1": "8eea8dd0d0b14fe2639f2585bca286039f287481",
            "content_sha256": "4ff74223c560348f7da381efc18588d097df90fb360b63a5ecac6c522746da07",
            "content_sha512": "67c6ddd3a8a0d4f4e658820e8399727e788cf3c22ba3db1261cd370e30cf95394d983abe0597ce2cf6adf99353ad2d3aa91db9502490a7b4526d52eb5adebd26",
            "directory_permission": "0777",
            "file_permission": "0777",
            "filename": "../../../..//machines/dev_core_vault-0.json",
            "id": "8eea8dd0d0b14fe2639f2585bca286039f287481",
            "sensitive_content": null,
            "source": null
          },
          "sensitive_attributes": [],
          "dependencies": [
            "hcloud_server.vault"
          ]
        }
      ]
    }
  ],
  "check_results": null
}
