{
  "version": 4,
  "terraform_version": "1.5.7",
  "serial": 213,
  "lineage": "a6964175-0fdd-065a-72c6-06f4496f4607",
  "outputs": {},
  "resources": [
    {
      "mode": "managed",
      "type": "hcloud_server",
      "name": "nix_cache",
      "provider": "provider[\"registry.terraform.io/hetznercloud/hcloud\"]",
      "instances": [
        {
          "schema_version": 0,
          "attributes": {
            "allow_deprecated_images": false,
            "backup_window": "",
            "backups": false,
            "datacenter": "hel1-dc2",
            "delete_protection": false,
            "firewall_ids": [],
            "id": "37931075",
            "ignore_remote_firewall_ids": false,
            "image": "debian-11",
            "ipv4_address": "",
            "ipv6_address": "",
            "ipv6_network": "\u003cnil\u003e",
            "iso": null,
            "keep_disk": false,
            "labels": {
              "role": "cache"
            },
            "location": "hel1",
            "name": "nix-cache",
            "network": [
              {
                "alias_ips": [],
                "ip": "10.0.0.3",
                "mac_address": "86:00:00:60:03:aa",
                "network_id": 3423590
              }
            ],
            "placement_group_id": null,
            "public_net": [
              {
                "ipv4": 0,
                "ipv4_enabled": false,
                "ipv6": 0,
                "ipv6_enabled": false
              }
            ],
            "rebuild_protection": false,
            "rescue": null,
            "server_type": "cx41",
            "shutdown_before_deletion": false,
            "ssh_keys": [
              "15891867"
            ],
            "status": "running",
            "timeouts": null,
            "user_data": "WLpqD0nA14gc/Ap3Hvfra0u1lmk="
          },
          "sensitive_attributes": [],
          "private": "eyJlMmJmYjczMC1lY2FhLTExZTYtOGY4OC0zNDM2M2JjN2M0YzAiOnsiY3JlYXRlIjo1NDAwMDAwMDAwMDAwfX0="
        }
      ]
    },
    {
      "mode": "managed",
      "type": "hcloud_server",
      "name": "vault",
      "provider": "provider[\"registry.terraform.io/hetznercloud/hcloud\"]",
      "instances": [
        {
          "index_key": 0,
          "schema_version": 0,
          "attributes": {
            "allow_deprecated_images": false,
            "backup_window": "",
            "backups": false,
            "datacenter": "hel1-dc2",
            "delete_protection": false,
            "firewall_ids": [],
            "id": "37931076",
            "ignore_remote_firewall_ids": false,
            "image": "debian-11",
            "ipv4_address": "",
            "ipv6_address": "",
            "ipv6_network": "\u003cnil\u003e",
            "iso": null,
            "keep_disk": false,
            "labels": {
              "role": "vault"
            },
            "location": "hel1",
            "name": "vault-0",
            "network": [
              {
                "alias_ips": [],
                "ip": "10.0.0.4",
                "mac_address": "86:00:00:60:03:ab",
                "network_id": 3423590
              }
            ],
            "placement_group_id": null,
            "public_net": [
              {
                "ipv4": 0,
                "ipv4_enabled": false,
                "ipv6": 0,
                "ipv6_enabled": false
              }
            ],
            "rebuild_protection": false,
            "rescue": null,
            "server_type": "cx41",
            "shutdown_before_deletion": false,
            "ssh_keys": [
              "15891867"
            ],
            "status": "running",
            "timeouts": null,
            "user_data": "WLpqD0nA14gc/Ap3Hvfra0u1lmk="
          },
          "sensitive_attributes": [],
          "private": "eyJlMmJmYjczMC1lY2FhLTExZTYtOGY4OC0zNDM2M2JjN2M0YzAiOnsiY3JlYXRlIjo1NDAwMDAwMDAwMDAwfX0="
        }
      ]
    },
    {
      "mode": "managed",
      "type": "hcloud_volume",
      "name": "nix_cache",
      "provider": "provider[\"registry.terraform.io/hetznercloud/hcloud\"]",
      "instances": [
        {
          "schema_version": 0,
          "attributes": {
            "automount": true,
            "delete_protection": false,
            "format": "ext4",
            "id": "37772226",
            "labels": null,
            "linux_device": "/dev/disk/by-id/scsi-0HC_Volume_37772226",
            "location": "hel1",
            "name": "nix_cache",
            "server_id": 37931075,
            "size": 50
          },
          "sensitive_attributes": [],
          "private": "bnVsbA==",
          "dependencies": [
            "hcloud_server.nix_cache"
          ]
        }
      ]
    },
    {
      "module": "module.nix_cache_host_file",
      "mode": "managed",
      "type": "local_file",
      "name": "host",
      "provider": "provider[\"registry.terraform.io/hashicorp/local\"]",
      "instances": [
        {
          "schema_version": 0,
          "attributes": {
            "content": "{\"id\":\"dev_core_nix-cache\",\"name\":\"nix-cache\",\"private_ipv4\":\"10.0.0.3\",\"public_ipv4\":\"\",\"public_ipv6\":\"\",\"tags\":{\"role\":\"cache\"},\"volumes\":[{\"device\":\"/dev/disk/by-id/scsi-0HC_Volume_37772226\",\"name\":\"nix_cache\",\"size\":50}]}",
            "content_base64": null,
            "content_base64sha256": "8mfEmj2ugMFV/YOitK7xtFxzYDNmOv1AteLRPJ1RcOE=",
            "content_base64sha512": "lstYPtrR093NE4hR3fNP5DhupDTEMC0ic2duv5Tuh04O5aQhkaRoudP6Ju4Nc7WUVaa0Fg0qisx1OfKwG2wFtQ==",
            "content_md5": "ebd6d75ed913651f43cb952d3de9a9d4",
            "content_sha1": "d93a305304d2e51dc72bb7464440bee931c2f915",
            "content_sha256": "f267c49a3dae80c155fd83a2b4aef1b45c736033663afd40b5e2d13c9d5170e1",
            "content_sha512": "96cb583edad1d3ddcd138851ddf34fe4386ea434c4302d2273676ebf94ee874e0ee5a42191a468b9d3fa26ee0d73b59455a6b4160d2a8acc7539f2b01b6c05b5",
            "directory_permission": "0777",
            "file_permission": "0777",
            "filename": "../../../..//machines/dev_core_nix-cache.json",
            "id": "d93a305304d2e51dc72bb7464440bee931c2f915",
            "sensitive_content": null,
            "source": null
          },
          "sensitive_attributes": [],
          "dependencies": [
            "hcloud_server.nix_cache",
            "hcloud_volume.nix_cache"
          ]
        }
      ]
    },
    {
      "module": "module.vault_host_file[0]",
      "mode": "managed",
      "type": "local_file",
      "name": "host",
      "provider": "provider[\"registry.terraform.io/hashicorp/local\"]",
      "instances": [
        {
          "schema_version": 0,
          "attributes": {
            "content": "{\"id\":\"dev_core_vault-0\",\"name\":\"vault-0\",\"private_ipv4\":\"10.0.0.4\",\"public_ipv4\":\"\",\"public_ipv6\":\"\",\"tags\":{\"role\":\"vault\"},\"volumes\":[]}",
            "content_base64": null,
            "content_base64sha256": "T/dCI8VgNI99o4HvwYWI0JffkPs2C2Ol7KxsUidG2gc=",
            "content_base64sha512": "Z8bd06ig1PTmWIIOg5lyfniM88Iro9sSYc03DjDPlTlNmDq+BZfOLPat+ZNTrS06qR25UCSQp7RSbVLrWt69Jg==",
            "content_md5": "a613cd9e229bc3dc1f75eed8ea6c95f2",
            "content_sha1": "8eea8dd0d0b14fe2639f2585bca286039f287481",
            "content_sha256": "4ff74223c560348f7da381efc18588d097df90fb360b63a5ecac6c522746da07",
            "content_sha512": "67c6ddd3a8a0d4f4e658820e8399727e788cf3c22ba3db1261cd370e30cf95394d983abe0597ce2cf6adf99353ad2d3aa91db9502490a7b4526d52eb5adebd26",
            "directory_permission": "0777",
            "file_permission": "0777",
            "filename": "../../../..//machines/dev_core_vault-0.json",
            "id": "8eea8dd0d0b14fe2639f2585bca286039f287481",
            "sensitive_content": null,
            "source": null
          },
          "sensitive_attributes": [],
          "dependencies": [
            "hcloud_server.vault"
          ]
        }
      ]
    }
  ],
  "check_results": null
}
